// !$*UTF8*$!
{
	archiveVersion = 1;
	classes = {
	};
	objectVersion = 46;
	objects = {

/* Begin PBXBuildFile section */
		8346E1EB238CBB0700A56FEB /* GoogleService-Info.plist in Resources */ = {isa = PBXBuildFile; fileRef = 8346E1EA238CBB0700A56FEB /* GoogleService-Info.plist */; };
		8346E1ED238CCA8B00A56FEB /* StoreReviewHelper.swift in Sources */ = {isa = PBXBuildFile; fileRef = 8346E1EC238CCA8B00A56FEB /* StoreReviewHelper.swift */; };
		834859D9245F75B100DD4772 /* telegram.png in Resources */ = {isa = PBXBuildFile; fileRef = 834859D8245F75B100DD4772 /* telegram.png */; };
		8416271E27B476D70024D461 /* Localization.swift in Sources */ = {isa = PBXBuildFile; fileRef = 8416271D27B476D70024D461 /* Localization.swift */; };
		841AA20C27B3FAC800243084 /* LanguageChanger.swift in Sources */ = {isa = PBXBuildFile; fileRef = 841AA20A27B3FAC800243084 /* LanguageChanger.swift */; };
		841AA20D27B3FAC800243084 /* Language.swift in Sources */ = {isa = PBXBuildFile; fileRef = 841AA20B27B3FAC800243084 /* Language.swift */; };
		846CFCC727BFA74D008A79E9 /* PlayerView.swift in Sources */ = {isa = PBXBuildFile; fileRef = 846CFCC627BFA74D008A79E9 /* PlayerView.swift */; };
		846CFCC927BFAB4D008A79E9 /* SeparatorView.swift in Sources */ = {isa = PBXBuildFile; fileRef = 846CFCC827BFAB4D008A79E9 /* SeparatorView.swift */; };
		84BF049B27BEBD99007C1794 /* HistoryHeaderTableView.swift in Sources */ = {isa = PBXBuildFile; fileRef = 84BF049A27BEBD99007C1794 /* HistoryHeaderTableView.swift */; };
		84BF049D27BEC026007C1794 /* HistoryEmptyView.swift in Sources */ = {isa = PBXBuildFile; fileRef = 84BF049C27BEC026007C1794 /* HistoryEmptyView.swift */; };
		84BF04A027BEDB46007C1794 /* AddWordViewController.swift in Sources */ = {isa = PBXBuildFile; fileRef = 84BF049F27BEDB46007C1794 /* AddWordViewController.swift */; };
		84BF04A227BEDB79007C1794 /* AddWordTextField.swift in Sources */ = {isa = PBXBuildFile; fileRef = 84BF04A127BEDB79007C1794 /* AddWordTextField.swift */; };
		84C88BB927BE4F930072E0E7 /* HistoryViewController.swift in Sources */ = {isa = PBXBuildFile; fileRef = 84C88BB827BE4F930072E0E7 /* HistoryViewController.swift */; };
		84C88BBB27BE4FB40072E0E7 /* HistoryTableViewCell.swift in Sources */ = {isa = PBXBuildFile; fileRef = 84C88BBA27BE4FB40072E0E7 /* HistoryTableViewCell.swift */; };
		84C88BBE27BE50130072E0E7 /* DefaultsService.swift in Sources */ = {isa = PBXBuildFile; fileRef = 84C88BBD27BE50130072E0E7 /* DefaultsService.swift */; };
		84C88BC027BE513A0072E0E7 /* GameHistoryItem.swift in Sources */ = {isa = PBXBuildFile; fileRef = 84C88BBF27BE513A0072E0E7 /* GameHistoryItem.swift */; };
		84C88BC227BE54380072E0E7 /* ViewReusable.swift in Sources */ = {isa = PBXBuildFile; fileRef = 84C88BC127BE54380072E0E7 /* ViewReusable.swift */; };
		84C88BC427BE5C230072E0E7 /* Date + Extension.swift in Sources */ = {isa = PBXBuildFile; fileRef = 84C88BC327BE5C230072E0E7 /* Date + Extension.swift */; };
		84C88BC627BE5C2C0072E0E7 /* GameHistoryItemsMapper.swift in Sources */ = {isa = PBXBuildFile; fileRef = 84C88BC527BE5C2C0072E0E7 /* GameHistoryItemsMapper.swift */; };
		84C88BC827BE62B30072E0E7 /* UITableView + Extension.swift in Sources */ = {isa = PBXBuildFile; fileRef = 84C88BC727BE62B30072E0E7 /* UITableView + Extension.swift */; };
		8847AFFE1C3BC266008497E2 /* results.png in Resources */ = {isa = PBXBuildFile; fileRef = 8847B0001C3BC266008497E2 /* results.png */; };
		8847B0021C3BC2BC008497E2 /* preparation.png in Resources */ = {isa = PBXBuildFile; fileRef = 8847B0041C3BC2BC008497E2 /* preparation.png */; };
		8847B0061C3BC35D008497E2 /* pause_or_finish.png in Resources */ = {isa = PBXBuildFile; fileRef = 8847B0081C3BC35D008497E2 /* pause_or_finish.png */; };
		8847B00A1C3BC38C008497E2 /* extra_time.png in Resources */ = {isa = PBXBuildFile; fileRef = 8847B00C1C3BC38C008497E2 /* extra_time.png */; };
		8847B00F1C3EBA6C008497E2 /* countdown.wav in Resources */ = {isa = PBXBuildFile; fileRef = 8847B00E1C3EBA6C008497E2 /* countdown.wav */; };
		8847B0151C3FF0D7008497E2 /* edit_players.png in Resources */ = {isa = PBXBuildFile; fileRef = 8847B0171C3FF0D7008497E2 /* edit_players.png */; };
		8847B0191C3FF10B008497E2 /* edit_settings.png in Resources */ = {isa = PBXBuildFile; fileRef = 8847B01B1C3FF10B008497E2 /* edit_settings.png */; };
		8847B0331C42F497008497E2 /* InfoPlist.strings in Resources */ = {isa = PBXBuildFile; fileRef = 8847B0351C42F497008497E2 /* InfoPlist.strings */; };
		8847B0381C44349C008497E2 /* StoreKit.framework in Frameworks */ = {isa = PBXBuildFile; fileRef = 8847B0371C44349C008497E2 /* StoreKit.framework */; };
		8847B03C1C450B87008497E2 /* AboutTableViewCell.swift in Sources */ = {isa = PBXBuildFile; fileRef = 8847B03B1C450B87008497E2 /* AboutTableViewCell.swift */; };
		8847B03E1C450DAD008497E2 /* facebook.png in Resources */ = {isa = PBXBuildFile; fileRef = 8847B03D1C450DAD008497E2 /* facebook.png */; };
		8847B0421C450E22008497E2 /* vk.png in Resources */ = {isa = PBXBuildFile; fileRef = 8847B0411C450E22008497E2 /* vk.png */; };
		8847B0461C451230008497E2 /* share.png in Resources */ = {isa = PBXBuildFile; fileRef = 8847B0451C451230008497E2 /* share.png */; };
		8847B0481C452075008497E2 /* coffee.png in Resources */ = {isa = PBXBuildFile; fileRef = 8847B0471C452075008497E2 /* coffee.png */; };
		8847B04C1C454E1C008497E2 /* star.png in Resources */ = {isa = PBXBuildFile; fileRef = 8847B04B1C454E1C008497E2 /* star.png */; };
		88545D581C3AFE8900887E24 /* edit_words.png in Resources */ = {isa = PBXBuildFile; fileRef = 88545D561C3AFE8900887E24 /* edit_words.png */; };
		88545D5A1C3AFFD300887E24 /* round.png in Resources */ = {isa = PBXBuildFile; fileRef = 88545D5C1C3AFFD300887E24 /* round.png */; };
		887FA7741C3A95020009EA1C /* TutorialViewController.swift in Sources */ = {isa = PBXBuildFile; fileRef = 887FA7731C3A95020009EA1C /* TutorialViewController.swift */; };
		887FA7761C3A95CF0009EA1C /* TutorialPageViewController.swift in Sources */ = {isa = PBXBuildFile; fileRef = 887FA7751C3A95CF0009EA1C /* TutorialPageViewController.swift */; };
		887FA78B1C3AF7E90009EA1C /* IPhone6.png in Resources */ = {isa = PBXBuildFile; fileRef = 887FA7801C3AF7E90009EA1C /* IPhone6.png */; };
		889324FF1AE41C3D009B68B2 /* AppDelegate.swift in Sources */ = {isa = PBXBuildFile; fileRef = 889324FE1AE41C3D009B68B2 /* AppDelegate.swift */; };
		889325041AE41C3D009B68B2 /* Main.storyboard in Resources */ = {isa = PBXBuildFile; fileRef = 889325021AE41C3D009B68B2 /* Main.storyboard */; };
		889325061AE41C3D009B68B2 /* Images.xcassets in Resources */ = {isa = PBXBuildFile; fileRef = 889325051AE41C3D009B68B2 /* Images.xcassets */; };
		889325091AE41C3D009B68B2 /* LaunchScreen.xib in Resources */ = {isa = PBXBuildFile; fileRef = 889325071AE41C3D009B68B2 /* LaunchScreen.xib */; };
		889325151AE41C3D009B68B2 /* thehatTests.swift in Sources */ = {isa = PBXBuildFile; fileRef = 889325141AE41C3D009B68B2 /* thehatTests.swift */; };
		88DBAC1B1C333A7E00C4EB1F /* Game.swift in Sources */ = {isa = PBXBuildFile; fileRef = 88DBAC161C333A7E00C4EB1F /* Game.swift */; };
		88DBAC1C1C333A7E00C4EB1F /* Player.swift in Sources */ = {isa = PBXBuildFile; fileRef = 88DBAC171C333A7E00C4EB1F /* Player.swift */; };
		88DBAC1D1C333A7E00C4EB1F /* Round.swift in Sources */ = {isa = PBXBuildFile; fileRef = 88DBAC181C333A7E00C4EB1F /* Round.swift */; };
		88DBAC1E1C333A7E00C4EB1F /* Word.swift in Sources */ = {isa = PBXBuildFile; fileRef = 88DBAC191C333A7E00C4EB1F /* Word.swift */; };
		88DBAC1F1C333A7E00C4EB1F /* WordsLoader.swift in Sources */ = {isa = PBXBuildFile; fileRef = 88DBAC1A1C333A7E00C4EB1F /* WordsLoader.swift */; };
		88DBAC251C333A9900C4EB1F /* english.words in Resources */ = {isa = PBXBuildFile; fileRef = 88DBAC211C333A9900C4EB1F /* english.words */; };
		88DBAC261C333A9900C4EB1F /* mistake.wav in Resources */ = {isa = PBXBuildFile; fileRef = 88DBAC221C333A9900C4EB1F /* mistake.wav */; };
		88DBAC271C333A9900C4EB1F /* russian.words in Resources */ = {isa = PBXBuildFile; fileRef = 88DBAC231C333A9900C4EB1F /* russian.words */; };
		88DBAC281C333A9900C4EB1F /* score.wav in Resources */ = {isa = PBXBuildFile; fileRef = 88DBAC241C333A9900C4EB1F /* score.wav */; };
		88DBAC311C333AB300C4EB1F /* EditWordsGuessedViewController.swift in Sources */ = {isa = PBXBuildFile; fileRef = 88DBAC2A1C333AB300C4EB1F /* EditWordsGuessedViewController.swift */; };
		88DBAC321C333AB300C4EB1F /* GameSettingsViewController.swift in Sources */ = {isa = PBXBuildFile; fileRef = 88DBAC2B1C333AB300C4EB1F /* GameSettingsViewController.swift */; };
		88DBAC331C333AB300C4EB1F /* MenuController.swift in Sources */ = {isa = PBXBuildFile; fileRef = 88DBAC2C1C333AB300C4EB1F /* MenuController.swift */; };
		88DBAC341C333AB300C4EB1F /* PreparationViewController.swift in Sources */ = {isa = PBXBuildFile; fileRef = 88DBAC2D1C333AB300C4EB1F /* PreparationViewController.swift */; };
		88DBAC351C333AB300C4EB1F /* ResultsViewController.swift in Sources */ = {isa = PBXBuildFile; fileRef = 88DBAC2E1C333AB300C4EB1F /* ResultsViewController.swift */; };
		88DBAC361C333AB300C4EB1F /* RoundViewController.swift in Sources */ = {isa = PBXBuildFile; fileRef = 88DBAC2F1C333AB300C4EB1F /* RoundViewController.swift */; };
		88DBAC371C333AB300C4EB1F /* AboutViewController.swift in Sources */ = {isa = PBXBuildFile; fileRef = 88DBAC301C333AB300C4EB1F /* AboutViewController.swift */; };
		88DBAC3E1C333AC500C4EB1F /* ColorChangingView.swift in Sources */ = {isa = PBXBuildFile; fileRef = 88DBAC391C333AC500C4EB1F /* ColorChangingView.swift */; };
		88DBAC3F1C333AC500C4EB1F /* GuessedWordCell.swift in Sources */ = {isa = PBXBuildFile; fileRef = 88DBAC3A1C333AC500C4EB1F /* GuessedWordCell.swift */; };
		88DBAC401C333AC500C4EB1F /* PlayerResultCell.swift in Sources */ = {isa = PBXBuildFile; fileRef = 88DBAC3B1C333AC500C4EB1F /* PlayerResultCell.swift */; };
		88DBAC411C333AC500C4EB1F /* PlayerTableViewCell.swift in Sources */ = {isa = PBXBuildFile; fileRef = 88DBAC3C1C333AC500C4EB1F /* PlayerTableViewCell.swift */; };
		88DBAC421C333AC500C4EB1F /* TimerView.swift in Sources */ = {isa = PBXBuildFile; fileRef = 88DBAC3D1C333AC500C4EB1F /* TimerView.swift */; };
		88DBAC491C333ACC00C4EB1F /* ColorChangingViewDelegate.swift in Sources */ = {isa = PBXBuildFile; fileRef = 88DBAC441C333ACC00C4EB1F /* ColorChangingViewDelegate.swift */; };
		88DBAC4A1C333ACC00C4EB1F /* Extensions.swift in Sources */ = {isa = PBXBuildFile; fileRef = 88DBAC451C333ACC00C4EB1F /* Extensions.swift */; };
		88DBAC4B1C333ACC00C4EB1F /* PlayerTableViewCellDelegate.swift in Sources */ = {isa = PBXBuildFile; fileRef = 88DBAC461C333ACC00C4EB1F /* PlayerTableViewCellDelegate.swift */; };
		88DBAC4D1C333ACC00C4EB1F /* WordsLoaderProtocol.swift in Sources */ = {isa = PBXBuildFile; fileRef = 88DBAC481C333ACC00C4EB1F /* WordsLoaderProtocol.swift */; };
		88DBAC5A1C333DDA00C4EB1F /* Localizable.strings in Resources */ = {isa = PBXBuildFile; fileRef = 88DBAC581C333DDA00C4EB1F /* Localizable.strings */; };
		9147375A351DD96BD7D4D26B /* Pods_thehatTests.framework in Frameworks */ = {isa = PBXBuildFile; fileRef = 2E3D84FAF6E7C1024C5364CE /* Pods_thehatTests.framework */; };
		986F5419A8192B7DA74015D4 /* Pods_thehat.framework in Frameworks */ = {isa = PBXBuildFile; fileRef = 30DF9907B75648E0BE2D411E /* Pods_thehat.framework */; };
		BE1EB3232F09A5FC00437C2F /* AppIcon.icon in Resources */ = {isa = PBXBuildFile; fileRef = BE1EB3222F09A5FC00437C2F /* AppIcon.icon */; };
/* End PBXBuildFile section */

/* Begin PBXContainerItemProxy section */
		8893250F1AE41C3D009B68B2 /* PBXContainerItemProxy */ = {
			isa = PBXContainerItemProxy;
			containerPortal = 889324F11AE41C3D009B68B2 /* Project object */;
			proxyType = 1;
			remoteGlobalIDString = 889324F81AE41C3D009B68B2;
			remoteInfo = thehat;
		};
/* End PBXContainerItemProxy section */

/* Begin PBXFileReference section */
		2E3D84FAF6E7C1024C5364CE /* Pods_thehatTests.framework */ = {isa = PBXFileReference; explicitFileType = wrapper.framework; includeInIndex = 0; path = Pods_thehatTests.framework; sourceTree = BUILT_PRODUCTS_DIR; };
		30DF9907B75648E0BE2D411E /* Pods_thehat.framework */ = {isa = PBXFileReference; explicitFileType = wrapper.framework; includeInIndex = 0; path = Pods_thehat.framework; sourceTree = BUILT_PRODUCTS_DIR; };
		652686D9F328666A0EFB0246 /* Pods-thehat.debug.xcconfig */ = {isa = PBXFileReference; includeInIndex = 1; lastKnownFileType = text.xcconfig; name = "Pods-thehat.debug.xcconfig"; path = "Target Support Files/Pods-thehat/Pods-thehat.debug.xcconfig"; sourceTree = "<group>"; };
		75C500F7551685DAC4E59529 /* Pods-thehatTests.debug.xcconfig */ = {isa = PBXFileReference; includeInIndex = 1; lastKnownFileType = text.xcconfig; name = "Pods-thehatTests.debug.xcconfig"; path = "Target Support Files/Pods-thehatTests/Pods-thehatTests.debug.xcconfig"; sourceTree = "<group>"; };
		8346E1EA238CBB0700A56FEB /* GoogleService-Info.plist */ = {isa = PBXFileReference; lastKnownFileType = text.plist; path = "GoogleService-Info.plist"; sourceTree = SOURCE_ROOT; };
		8346E1EC238CCA8B00A56FEB /* StoreReviewHelper.swift */ = {isa = PBXFileReference; lastKnownFileType = sourcecode.swift; path = StoreReviewHelper.swift; sourceTree = "<group>"; };
		834859D8245F75B100DD4772 /* telegram.png */ = {isa = PBXFileReference; lastKnownFileType = image.png; path = telegram.png; sourceTree = "<group>"; };
		8416271D27B476D70024D461 /* Localization.swift */ = {isa = PBXFileReference; lastKnownFileType = sourcecode.swift; path = Localization.swift; sourceTree = "<group>"; };
		841AA1FC27B3F9B100243084 /* en */ = {isa = PBXFileReference; lastKnownFileType = file.storyboard; name = en; path = en.lproj/Main.storyboard; sourceTree = "<group>"; };
		841AA1FD27B3F9CC00243084 /* en */ = {isa = PBXFileReference; lastKnownFileType = text.plist.strings; name = en; path = en.lproj/InfoPlist.strings; sourceTree = "<group>"; };
		841AA1FE27B3F9CC00243084 /* en */ = {isa = PBXFileReference; lastKnownFileType = file.xib; name = en; path = en.lproj/LaunchScreen.xib; sourceTree = "<group>"; };
		841AA1FF27B3F9CC00243084 /* en */ = {isa = PBXFileReference; lastKnownFileType = image.png; name = en; path = en.lproj/round.png; sourceTree = "<group>"; };
		841AA20027B3F9CC00243084 /* en */ = {isa = PBXFileReference; lastKnownFileType = image.png; name = en; path = en.lproj/edit_settings.png; sourceTree = "<group>"; };
		841AA20127B3F9CC00243084 /* en */ = {isa = PBXFileReference; lastKnownFileType = image.png; name = en; path = en.lproj/results.png; sourceTree = "<group>"; };
		841AA20227B3F9CC00243084 /* en */ = {isa = PBXFileReference; lastKnownFileType = image.png; name = en; path = en.lproj/edit_players.png; sourceTree = "<group>"; };
		841AA20327B3F9CC00243084 /* en */ = {isa = PBXFileReference; lastKnownFileType = text.plist.strings; name = en; path = en.lproj/Localizable.strings; sourceTree = "<group>"; };
		841AA20427B3F9CC00243084 /* en */ = {isa = PBXFileReference; lastKnownFileType = image.png; name = en; path = en.lproj/preparation.png; sourceTree = "<group>"; };
		841AA20527B3F9CC00243084 /* en */ = {isa = PBXFileReference; lastKnownFileType = image.png; name = en; path = en.lproj/extra_time.png; sourceTree = "<group>"; };
		841AA20627B3F9CC00243084 /* en */ = {isa = PBXFileReference; lastKnownFileType = image.png; name = en; path = en.lproj/pause_or_finish.png; sourceTree = "<group>"; };
		841AA20A27B3FAC800243084 /* LanguageChanger.swift */ = {isa = PBXFileReference; fileEncoding = 4; lastKnownFileType = sourcecode.swift; path = LanguageChanger.swift; sourceTree = "<group>"; };
		841AA20B27B3FAC800243084 /* Language.swift */ = {isa = PBXFileReference; fileEncoding = 4; lastKnownFileType = sourcecode.swift; path = Language.swift; sourceTree = "<group>"; };
		846CFCC627BFA74D008A79E9 /* PlayerView.swift */ = {isa = PBXFileReference; lastKnownFileType = sourcecode.swift; path = PlayerView.swift; sourceTree = "<group>"; };
		846CFCC827BFAB4D008A79E9 /* SeparatorView.swift */ = {isa = PBXFileReference; lastKnownFileType = sourcecode.swift; path = SeparatorView.swift; sourceTree = "<group>"; };
		84BF049A27BEBD99007C1794 /* HistoryHeaderTableView.swift */ = {isa = PBXFileReference; lastKnownFileType = sourcecode.swift; path = HistoryHeaderTableView.swift; sourceTree = "<group>"; };
		84BF049C27BEC026007C1794 /* HistoryEmptyView.swift */ = {isa = PBXFileReference; lastKnownFileType = sourcecode.swift; path = HistoryEmptyView.swift; sourceTree = "<group>"; };
		84BF049F27BEDB46007C1794 /* AddWordViewController.swift */ = {isa = PBXFileReference; lastKnownFileType = sourcecode.swift; path = AddWordViewController.swift; sourceTree = "<group>"; };
		84BF04A127BEDB79007C1794 /* AddWordTextField.swift */ = {isa = PBXFileReference; lastKnownFileType = sourcecode.swift; path = AddWordTextField.swift; sourceTree = "<group>"; };
		84C88BB827BE4F930072E0E7 /* HistoryViewController.swift */ = {isa = PBXFileReference; lastKnownFileType = sourcecode.swift; path = HistoryViewController.swift; sourceTree = "<group>"; };
		84C88BBA27BE4FB40072E0E7 /* HistoryTableViewCell.swift */ = {isa = PBXFileReference; lastKnownFileType = sourcecode.swift; path = HistoryTableViewCell.swift; sourceTree = "<group>"; };
		84C88BBD27BE50130072E0E7 /* DefaultsService.swift */ = {isa = PBXFileReference; lastKnownFileType = sourcecode.swift; path = DefaultsService.swift; sourceTree = "<group>"; };
		84C88BBF27BE513A0072E0E7 /* GameHistoryItem.swift */ = {isa = PBXFileReference; lastKnownFileType = sourcecode.swift; path = GameHistoryItem.swift; sourceTree = "<group>"; };
		84C88BC127BE54380072E0E7 /* ViewReusable.swift */ = {isa = PBXFileReference; lastKnownFileType = sourcecode.swift; path = ViewReusable.swift; sourceTree = "<group>"; };
		84C88BC327BE5C230072E0E7 /* Date + Extension.swift */ = {isa = PBXFileReference; lastKnownFileType = sourcecode.swift; path = "Date + Extension.swift"; sourceTree = "<group>"; };
		84C88BC527BE5C2C0072E0E7 /* GameHistoryItemsMapper.swift */ = {isa = PBXFileReference; lastKnownFileType = sourcecode.swift; path = GameHistoryItemsMapper.swift; sourceTree = "<group>"; };
		84C88BC727BE62B30072E0E7 /* UITableView + Extension.swift */ = {isa = PBXFileReference; lastKnownFileType = sourcecode.swift; path = "UITableView + Extension.swift"; sourceTree = "<group>"; };
		881697C21AE7FFB2006BD0C2 /* thehat-Bridging-Header.h */ = {isa = PBXFileReference; lastKnownFileType = sourcecode.c.h; path = "thehat-Bridging-Header.h"; sourceTree = "<group>"; };
		8847B0011C3BC26A008497E2 /* ru */ = {isa = PBXFileReference; lastKnownFileType = image.png; name = ru; path = ru.lproj/results.png; sourceTree = "<group>"; };
		8847B0051C3BC2BE008497E2 /* ru */ = {isa = PBXFileReference; lastKnownFileType = image.png; name = ru; path = ru.lproj/preparation.png; sourceTree = "<group>"; };
		8847B0091C3BC35F008497E2 /* ru */ = {isa = PBXFileReference; lastKnownFileType = image.png; name = ru; path = ru.lproj/pause_or_finish.png; sourceTree = "<group>"; };
		8847B00D1C3BC38D008497E2 /* ru */ = {isa = PBXFileReference; lastKnownFileType = image.png; name = ru; path = ru.lproj/extra_time.png; sourceTree = "<group>"; };
		8847B00E1C3EBA6C008497E2 /* countdown.wav */ = {isa = PBXFileReference; lastKnownFileType = audio.wav; path = countdown.wav; sourceTree = "<group>"; };
		8847B0181C3FF0DA008497E2 /* ru */ = {isa = PBXFileReference; lastKnownFileType = image.png; name = ru; path = ru.lproj/edit_players.png; sourceTree = "<group>"; };
		8847B01C1C3FF10D008497E2 /* ru */ = {isa = PBXFileReference; lastKnownFileType = image.png; name = ru; path = ru.lproj/edit_settings.png; sourceTree = "<group>"; };
		8847B0361C42F498008497E2 /* ru */ = {isa = PBXFileReference; lastKnownFileType = text.plist.strings; name = ru; path = ru.lproj/InfoPlist.strings; sourceTree = "<group>"; };
		8847B0371C44349C008497E2 /* StoreKit.framework */ = {isa = PBXFileReference; lastKnownFileType = wrapper.framework; name = StoreKit.framework; path = System/Library/Frameworks/StoreKit.framework; sourceTree = SDKROOT; };
		8847B03B1C450B87008497E2 /* AboutTableViewCell.swift */ = {isa = PBXFileReference; fileEncoding = 4; lastKnownFileType = sourcecode.swift; path = AboutTableViewCell.swift; sourceTree = "<group>"; };
		8847B03D1C450DAD008497E2 /* facebook.png */ = {isa = PBXFileReference; lastKnownFileType = image.png; path = facebook.png; sourceTree = "<group>"; };
		8847B0411C450E22008497E2 /* vk.png */ = {isa = PBXFileReference; lastKnownFileType = image.png; path = vk.png; sourceTree = "<group>"; };
		8847B0451C451230008497E2 /* share.png */ = {isa = PBXFileReference; lastKnownFileType = image.png; path = share.png; sourceTree = "<group>"; };
		8847B0471C452075008497E2 /* coffee.png */ = {isa = PBXFileReference; lastKnownFileType = image.png; path = coffee.png; sourceTree = "<group>"; };
		8847B04B1C454E1C008497E2 /* star.png */ = {isa = PBXFileReference; lastKnownFileType = image.png; path = star.png; sourceTree = "<group>"; };
		88545D561C3AFE8900887E24 /* edit_words.png */ = {isa = PBXFileReference; lastKnownFileType = image.png; path = edit_words.png; sourceTree = "<group>"; };
		88545D5D1C3AFFD600887E24 /* ru */ = {isa = PBXFileReference; lastKnownFileType = image.png; name = ru; path = ru.lproj/round.png; sourceTree = "<group>"; };
		887FA7731C3A95020009EA1C /* TutorialViewController.swift */ = {isa = PBXFileReference; fileEncoding = 4; lastKnownFileType = sourcecode.swift; path = TutorialViewController.swift; sourceTree = "<group>"; };
		887FA7751C3A95CF0009EA1C /* TutorialPageViewController.swift */ = {isa = PBXFileReference; fileEncoding = 4; lastKnownFileType = sourcecode.swift; path = TutorialPageViewController.swift; sourceTree = "<group>"; };
		887FA7801C3AF7E90009EA1C /* IPhone6.png */ = {isa = PBXFileReference; lastKnownFileType = image.png; path = IPhone6.png; sourceTree = "<group>"; };
		889324F91AE41C3D009B68B2 /* thehat.app */ = {isa = PBXFileReference; explicitFileType = wrapper.application; includeInIndex = 0; path = thehat.app; sourceTree = BUILT_PRODUCTS_DIR; };
		889324FD1AE41C3D009B68B2 /* Info.plist */ = {isa = PBXFileReference; lastKnownFileType = text.plist.xml; path = Info.plist; sourceTree = "<group>"; };
		889324FE1AE41C3D009B68B2 /* AppDelegate.swift */ = {isa = PBXFileReference; lastKnownFileType = sourcecode.swift; path = AppDelegate.swift; sourceTree = "<group>"; };
		889325051AE41C3D009B68B2 /* Images.xcassets */ = {isa = PBXFileReference; lastKnownFileType = folder.assetcatalog; path = Images.xcassets; sourceTree = "<group>"; };
		8893250E1AE41C3D009B68B2 /* thehatTests.xctest */ = {isa = PBXFileReference; explicitFileType = wrapper.cfbundle; includeInIndex = 0; path = thehatTests.xctest; sourceTree = BUILT_PRODUCTS_DIR; };
		889325131AE41C3D009B68B2 /* Info.plist */ = {isa = PBXFileReference; lastKnownFileType = text.plist.xml; path = Info.plist; sourceTree = "<group>"; };
		889325141AE41C3D009B68B2 /* thehatTests.swift */ = {isa = PBXFileReference; lastKnownFileType = sourcecode.swift; path = thehatTests.swift; sourceTree = "<group>"; };
		88DBAC161C333A7E00C4EB1F /* Game.swift */ = {isa = PBXFileReference; fileEncoding = 4; lastKnownFileType = sourcecode.swift; path = Game.swift; sourceTree = "<group>"; };
		88DBAC171C333A7E00C4EB1F /* Player.swift */ = {isa = PBXFileReference; fileEncoding = 4; lastKnownFileType = sourcecode.swift; path = Player.swift; sourceTree = "<group>"; };
		88DBAC181C333A7E00C4EB1F /* Round.swift */ = {isa = PBXFileReference; fileEncoding = 4; lastKnownFileType = sourcecode.swift; path = Round.swift; sourceTree = "<group>"; };
		88DBAC191C333A7E00C4EB1F /* Word.swift */ = {isa = PBXFileReference; fileEncoding = 4; lastKnownFileType = sourcecode.swift; path = Word.swift; sourceTree = "<group>"; };
		88DBAC1A1C333A7E00C4EB1F /* WordsLoader.swift */ = {isa = PBXFileReference; fileEncoding = 4; lastKnownFileType = sourcecode.swift; path = WordsLoader.swift; sourceTree = "<group>"; };
		88DBAC211C333A9900C4EB1F /* english.words */ = {isa = PBXFileReference; fileEncoding = 4; lastKnownFileType = text; path = english.words; sourceTree = "<group>"; };
		88DBAC221C333A9900C4EB1F /* mistake.wav */ = {isa = PBXFileReference; lastKnownFileType = audio.wav; path = mistake.wav; sourceTree = "<group>"; };
		88DBAC231C333A9900C4EB1F /* russian.words */ = {isa = PBXFileReference; fileEncoding = 4; lastKnownFileType = text; path = russian.words; sourceTree = "<group>"; };
		88DBAC241C333A9900C4EB1F /* score.wav */ = {isa = PBXFileReference; lastKnownFileType = audio.wav; path = score.wav; sourceTree = "<group>"; };
		88DBAC2A1C333AB300C4EB1F /* EditWordsGuessedViewController.swift */ = {isa = PBXFileReference; fileEncoding = 4; lastKnownFileType = sourcecode.swift; path = EditWordsGuessedViewController.swift; sourceTree = "<group>"; };
		88DBAC2B1C333AB300C4EB1F /* GameSettingsViewController.swift */ = {isa = PBXFileReference; fileEncoding = 4; lastKnownFileType = sourcecode.swift; path = GameSettingsViewController.swift; sourceTree = "<group>"; };
		88DBAC2C1C333AB300C4EB1F /* MenuController.swift */ = {isa = PBXFileReference; fileEncoding = 4; lastKnownFileType = sourcecode.swift; path = MenuController.swift; sourceTree = "<group>"; };
		88DBAC2D1C333AB300C4EB1F /* PreparationViewController.swift */ = {isa = PBXFileReference; fileEncoding = 4; lastKnownFileType = sourcecode.swift; path = PreparationViewController.swift; sourceTree = "<group>"; };
		88DBAC2E1C333AB300C4EB1F /* ResultsViewController.swift */ = {isa = PBXFileReference; fileEncoding = 4; lastKnownFileType = sourcecode.swift; path = ResultsViewController.swift; sourceTree = "<group>"; };
		88DBAC2F1C333AB300C4EB1F /* RoundViewController.swift */ = {isa = PBXFileReference; fileEncoding = 4; lastKnownFileType = sourcecode.swift; path = RoundViewController.swift; sourceTree = "<group>"; };
		88DBAC301C333AB300C4EB1F /* AboutViewController.swift */ = {isa = PBXFileReference; fileEncoding = 4; lastKnownFileType = sourcecode.swift; path = AboutViewController.swift; sourceTree = "<group>"; };
		88DBAC391C333AC500C4EB1F /* ColorChangingView.swift */ = {isa = PBXFileReference; fileEncoding = 4; lastKnownFileType = sourcecode.swift; path = ColorChangingView.swift; sourceTree = "<group>"; };
		88DBAC3A1C333AC500C4EB1F /* GuessedWordCell.swift */ = {isa = PBXFileReference; fileEncoding = 4; lastKnownFileType = sourcecode.swift; path = GuessedWordCell.swift; sourceTree = "<group>"; };
		88DBAC3B1C333AC500C4EB1F /* PlayerResultCell.swift */ = {isa = PBXFileReference; fileEncoding = 4; lastKnownFileType = sourcecode.swift; path = PlayerResultCell.swift; sourceTree = "<group>"; };
		88DBAC3C1C333AC500C4EB1F /* PlayerTableViewCell.swift */ = {isa = PBXFileReference; fileEncoding = 4; lastKnownFileType = sourcecode.swift; path = PlayerTableViewCell.swift; sourceTree = "<group>"; };
		88DBAC3D1C333AC500C4EB1F /* TimerView.swift */ = {isa = PBXFileReference; fileEncoding = 4; lastKnownFileType = sourcecode.swift; path = TimerView.swift; sourceTree = "<group>"; };
		88DBAC441C333ACC00C4EB1F /* ColorChangingViewDelegate.swift */ = {isa = PBXFileReference; fileEncoding = 4; lastKnownFileType = sourcecode.swift; path = ColorChangingViewDelegate.swift; sourceTree = "<group>"; };
		88DBAC451C333ACC00C4EB1F /* Extensions.swift */ = {isa = PBXFileReference; fileEncoding = 4; lastKnownFileType = sourcecode.swift; path = Extensions.swift; sourceTree = "<group>"; };
		88DBAC461C333ACC00C4EB1F /* PlayerTableViewCellDelegate.swift */ = {isa = PBXFileReference; fileEncoding = 4; lastKnownFileType = sourcecode.swift; path = PlayerTableViewCellDelegate.swift; sourceTree = "<group>"; };
		88DBAC481C333ACC00C4EB1F /* WordsLoaderProtocol.swift */ = {isa = PBXFileReference; fileEncoding = 4; lastKnownFileType = sourcecode.swift; path = WordsLoaderProtocol.swift; sourceTree = "<group>"; };
		88DBAC5B1C333E1000C4EB1F /* ru */ = {isa = PBXFileReference; lastKnownFileType = text.plist.strings; name = ru; path = ru.lproj/Localizable.strings; sourceTree = "<group>"; };
		8F25781847BACF6A06AD5E20 /* Pods-thehat.release.xcconfig */ = {isa = PBXFileReference; includeInIndex = 1; lastKnownFileType = text.xcconfig; name = "Pods-thehat.release.xcconfig"; path = "Target Support Files/Pods-thehat/Pods-thehat.release.xcconfig"; sourceTree = "<group>"; };
		BE1EB3222F09A5FC00437C2F /* AppIcon.icon */ = {isa = PBXFileReference; lastKnownFileType = folder.iconcomposer.icon; path = AppIcon.icon; sourceTree = "<group>"; };
		F7CCD01033C8621462A4A38D /* Pods-thehatTests.release.xcconfig */ = {isa = PBXFileReference; includeInIndex = 1; lastKnownFileType = text.xcconfig; name = "Pods-thehatTests.release.xcconfig"; path = "Target Support Files/Pods-thehatTests/Pods-thehatTests.release.xcconfig"; sourceTree = "<group>"; };
/* End PBXFileReference section */

/* Begin PBXFrameworksBuildPhase section */
		889324F61AE41C3D009B68B2 /* Frameworks */ = {
			isa = PBXFrameworksBuildPhase;
			buildActionMask = 2147483647;
			files = (
				8847B0381C44349C008497E2 /* StoreKit.framework in Frameworks */,
				986F5419A8192B7DA74015D4 /* Pods_thehat.framework in Frameworks */,
			);
			runOnlyForDeploymentPostprocessing = 0;
		};
		8893250B1AE41C3D009B68B2 /* Frameworks */ = {
			isa = PBXFrameworksBuildPhase;
			buildActionMask = 2147483647;
			files = (
				9147375A351DD96BD7D4D26B /* Pods_thehatTests.framework in Frameworks */,
			);
			runOnlyForDeploymentPostprocessing = 0;
		};
/* End PBXFrameworksBuildPhase section */

/* Begin PBXGroup section */
		264E9323CE36446A1A3C31A2 /* Frameworks */ = {
			isa = PBXGroup;
			children = (
				30DF9907B75648E0BE2D411E /* Pods_thehat.framework */,
				2E3D84FAF6E7C1024C5364CE /* Pods_thehatTests.framework */,
			);
			name = Frameworks;
			sourceTree = "<group>";
		};
		56D117D1B4EB528D2A31DA46 /* Pods */ = {
			isa = PBXGroup;
			children = (
				652686D9F328666A0EFB0246 /* Pods-thehat.debug.xcconfig */,
				8F25781847BACF6A06AD5E20 /* Pods-thehat.release.xcconfig */,
				75C500F7551685DAC4E59529 /* Pods-thehatTests.debug.xcconfig */,
				F7CCD01033C8621462A4A38D /* Pods-thehatTests.release.xcconfig */,
			);
			path = Pods;
			sourceTree = "<group>";
		};
		841AA20727B3F9E600243084 /* Player */ = {
			isa = PBXGroup;
			children = (
				88DBAC3B1C333AC500C4EB1F /* PlayerResultCell.swift */,
				88DBAC3C1C333AC500C4EB1F /* PlayerTableViewCell.swift */,
			);
			path = Player;
			sourceTree = "<group>";
		};
		841AA20827B3F9F600243084 /* Timer */ = {
			isa = PBXGroup;
			children = (
				88DBAC3D1C333AC500C4EB1F /* TimerView.swift */,
			);
			path = Timer;
			sourceTree = "<group>";
		};
		841AA20927B3FAB800243084 /* Language */ = {
			isa = PBXGroup;
			children = (
				841AA20B27B3FAC800243084 /* Language.swift */,
				841AA20A27B3FAC800243084 /* LanguageChanger.swift */,
				8416271D27B476D70024D461 /* Localization.swift */,
			);
			path = Language;
			sourceTree = "<group>";
		};
		84BF049E27BEDB23007C1794 /* AddWordViewController */ = {
			isa = PBXGroup;
			children = (
				84BF049F27BEDB46007C1794 /* AddWordViewController.swift */,
				84BF04A127BEDB79007C1794 /* AddWordTextField.swift */,
			);
			path = AddWordViewController;
			sourceTree = "<group>";
		};
		84C88BB727BE4F870072E0E7 /* History */ = {
			isa = PBXGroup;
			children = (
				84C88BB827BE4F930072E0E7 /* HistoryViewController.swift */,
				84C88BBA27BE4FB40072E0E7 /* HistoryTableViewCell.swift */,
				84BF049C27BEC026007C1794 /* HistoryEmptyView.swift */,
			);
			path = History;
			sourceTree = "<group>";
		};
		84C88BBC27BE4FFD0072E0E7 /* Services */ = {
			isa = PBXGroup;
			children = (
				84C88BBD27BE50130072E0E7 /* DefaultsService.swift */,
			);
			path = Services;
			sourceTree = "<group>";
		};
		889324F01AE41C3D009B68B2 = {
			isa = PBXGroup;
			children = (
				889324FB1AE41C3D009B68B2 /* thehat */,
				889325111AE41C3D009B68B2 /* thehatTests */,
				889324FA1AE41C3D009B68B2 /* Products */,
				56D117D1B4EB528D2A31DA46 /* Pods */,
				264E9323CE36446A1A3C31A2 /* Frameworks */,
			);
			sourceTree = "<group>";
		};
		889324FA1AE41C3D009B68B2 /* Products */ = {
			isa = PBXGroup;
			children = (
				889324F91AE41C3D009B68B2 /* thehat.app */,
				8893250E1AE41C3D009B68B2 /* thehatTests.xctest */,
			);
			name = Products;
			sourceTree = "<group>";
		};
		889324FB1AE41C3D009B68B2 /* thehat */ = {
			isa = PBXGroup;
			children = (
				84C88BBC27BE4FFD0072E0E7 /* Services */,
				841AA20927B3FAB800243084 /* Language */,
				88DBAC381C333AC500C4EB1F /* Views */,
				88DBAC291C333AB300C4EB1F /* View Controllers */,
				88DBAC201C333A9900C4EB1F /* Data */,
				88DBAC151C333A7E00C4EB1F /* Models */,
				88DBAC431C333ACC00C4EB1F /* Extensions */,
				889324FE1AE41C3D009B68B2 /* AppDelegate.swift */,
				889325051AE41C3D009B68B2 /* Images.xcassets */,
				BE1EB3222F09A5FC00437C2F /* AppIcon.icon */,
				88DBAC581C333DDA00C4EB1F /* Localizable.strings */,
				889325071AE41C3D009B68B2 /* LaunchScreen.xib */,
				8346E1EA238CBB0700A56FEB /* GoogleService-Info.plist */,
				889325021AE41C3D009B68B2 /* Main.storyboard */,
				889324FC1AE41C3D009B68B2 /* Supporting Files */,
				881697C21AE7FFB2006BD0C2 /* thehat-Bridging-Header.h */,
				8847B0371C44349C008497E2 /* StoreKit.framework */,
			);
			path = thehat;
			sourceTree = "<group>";
		};
		889324FC1AE41C3D009B68B2 /* Supporting Files */ = {
			isa = PBXGroup;
			children = (
				889324FD1AE41C3D009B68B2 /* Info.plist */,
				8847B0351C42F497008497E2 /* InfoPlist.strings */,
			);
			name = "Supporting Files";
			sourceTree = "<group>";
		};
		889325111AE41C3D009B68B2 /* thehatTests */ = {
			isa = PBXGroup;
			children = (
				889325141AE41C3D009B68B2 /* thehatTests.swift */,
				889325121AE41C3D009B68B2 /* Supporting Files */,
			);
			path = thehatTests;
			sourceTree = "<group>";
		};
		889325121AE41C3D009B68B2 /* Supporting Files */ = {
			isa = PBXGroup;
			children = (
				889325131AE41C3D009B68B2 /* Info.plist */,
			);
			name = "Supporting Files";
			sourceTree = "<group>";
		};
		88DBAC151C333A7E00C4EB1F /* Models */ = {
			isa = PBXGroup;
			children = (
				88DBAC161C333A7E00C4EB1F /* Game.swift */,
				88DBAC171C333A7E00C4EB1F /* Player.swift */,
				88DBAC181C333A7E00C4EB1F /* Round.swift */,
				88DBAC191C333A7E00C4EB1F /* Word.swift */,
				88DBAC1A1C333A7E00C4EB1F /* WordsLoader.swift */,
				84C88BBF27BE513A0072E0E7 /* GameHistoryItem.swift */,
			);
			path = Models;
			sourceTree = "<group>";
		};
		88DBAC201C333A9900C4EB1F /* Data */ = {
			isa = PBXGroup;
			children = (
				834859D8245F75B100DD4772 /* telegram.png */,
				8847B04B1C454E1C008497E2 /* star.png */,
				8847B0471C452075008497E2 /* coffee.png */,
				8847B0451C451230008497E2 /* share.png */,
				8847B03D1C450DAD008497E2 /* facebook.png */,
				8847B0411C450E22008497E2 /* vk.png */,
				88545D561C3AFE8900887E24 /* edit_words.png */,
				8847B00C1C3BC38C008497E2 /* extra_time.png */,
				8847B0171C3FF0D7008497E2 /* edit_players.png */,
				8847B01B1C3FF10B008497E2 /* edit_settings.png */,
				887FA7801C3AF7E90009EA1C /* IPhone6.png */,
				8847B0081C3BC35D008497E2 /* pause_or_finish.png */,
				8847B0041C3BC2BC008497E2 /* preparation.png */,
				8847B0001C3BC266008497E2 /* results.png */,
				88545D5C1C3AFFD300887E24 /* round.png */,
				88DBAC211C333A9900C4EB1F /* english.words */,
				88DBAC221C333A9900C4EB1F /* mistake.wav */,
				88DBAC231C333A9900C4EB1F /* russian.words */,
				8847B00E1C3EBA6C008497E2 /* countdown.wav */,
				88DBAC241C333A9900C4EB1F /* score.wav */,
			);
			path = Data;
			sourceTree = "<group>";
		};
		88DBAC291C333AB300C4EB1F /* View Controllers */ = {
			isa = PBXGroup;
			children = (
				84BF049E27BEDB23007C1794 /* AddWordViewController */,
				84C88BB727BE4F870072E0E7 /* History */,
				88DBAC2A1C333AB300C4EB1F /* EditWordsGuessedViewController.swift */,
				88DBAC2B1C333AB300C4EB1F /* GameSettingsViewController.swift */,
				88DBAC2C1C333AB300C4EB1F /* MenuController.swift */,
				88DBAC2D1C333AB300C4EB1F /* PreparationViewController.swift */,
				88DBAC2E1C333AB300C4EB1F /* ResultsViewController.swift */,
				88DBAC2F1C333AB300C4EB1F /* RoundViewController.swift */,
				88DBAC301C333AB300C4EB1F /* AboutViewController.swift */,
				887FA7731C3A95020009EA1C /* TutorialViewController.swift */,
				887FA7751C3A95CF0009EA1C /* TutorialPageViewController.swift */,
			);
			path = "View Controllers";
			sourceTree = "<group>";
		};
		88DBAC381C333AC500C4EB1F /* Views */ = {
			isa = PBXGroup;
			children = (
				8847B03B1C450B87008497E2 /* AboutTableViewCell.swift */,
				88DBAC391C333AC500C4EB1F /* ColorChangingView.swift */,
				88DBAC3A1C333AC500C4EB1F /* GuessedWordCell.swift */,
				841AA20727B3F9E600243084 /* Player */,
				841AA20827B3F9F600243084 /* Timer */,
				84BF049A27BEBD99007C1794 /* HistoryHeaderTableView.swift */,
				846CFCC627BFA74D008A79E9 /* PlayerView.swift */,
				846CFCC827BFAB4D008A79E9 /* SeparatorView.swift */,
			);
			path = Views;
			sourceTree = "<group>";
		};
		88DBAC431C333ACC00C4EB1F /* Extensions */ = {
			isa = PBXGroup;
			children = (
				88DBAC441C333ACC00C4EB1F /* ColorChangingViewDelegate.swift */,
				88DBAC451C333ACC00C4EB1F /* Extensions.swift */,
				88DBAC461C333ACC00C4EB1F /* PlayerTableViewCellDelegate.swift */,
				88DBAC481C333ACC00C4EB1F /* WordsLoaderProtocol.swift */,
				8346E1EC238CCA8B00A56FEB /* StoreReviewHelper.swift */,
				84C88BC127BE54380072E0E7 /* ViewReusable.swift */,
				84C88BC327BE5C230072E0E7 /* Date + Extension.swift */,
				84C88BC527BE5C2C0072E0E7 /* GameHistoryItemsMapper.swift */,
				84C88BC727BE62B30072E0E7 /* UITableView + Extension.swift */,
			);
			path = Extensions;
			sourceTree = "<group>";
		};
/* End PBXGroup section */

/* Begin PBXNativeTarget section */
		889324F81AE41C3D009B68B2 /* thehat */ = {
			isa = PBXNativeTarget;
			buildConfigurationList = 889325181AE41C3D009B68B2 /* Build configuration list for PBXNativeTarget "thehat" */;
			buildPhases = (
				A75A0E2AF8DD625F99CB6EF6 /* [CP] Check Pods Manifest.lock */,
				889324F51AE41C3D009B68B2 /* Sources */,
				889324F61AE41C3D009B68B2 /* Frameworks */,
				889324F71AE41C3D009B68B2 /* Resources */,
				93F81FD99082FA3429EDF998 /* [CP] Embed Pods Frameworks */,
				F1REBA5ECRA5HLYT1C5D5YM /* [Firebase] Crashlytics dSYM Upload */,
			);
			buildRules = (
			);
			dependencies = (
			);
			name = thehat;
			productName = thehat;
			productReference = 889324F91AE41C3D009B68B2 /* thehat.app */;
			productType = "com.apple.product-type.application";
		};
		8893250D1AE41C3D009B68B2 /* thehatTests */ = {
			isa = PBXNativeTarget;
			buildConfigurationList = 8893251B1AE41C3D009B68B2 /* Build configuration list for PBXNativeTarget "thehatTests" */;
			buildPhases = (
				352C8012249C39C08C5633CB /* [CP] Check Pods Manifest.lock */,
				8893250A1AE41C3D009B68B2 /* Sources */,
				8893250B1AE41C3D009B68B2 /* Frameworks */,
				8893250C1AE41C3D009B68B2 /* Resources */,
			);
			buildRules = (
			);
			dependencies = (
				889325101AE41C3D009B68B2 /* PBXTargetDependency */,
			);
			name = thehatTests;
			productName = thehatTests;
			productReference = 8893250E1AE41C3D009B68B2 /* thehatTests.xctest */;
			productType = "com.apple.product-type.bundle.unit-test";
		};
/* End PBXNativeTarget section */

/* Begin PBXProject section */
		889324F11AE41C3D009B68B2 /* Project object */ = {
			isa = PBXProject;
			attributes = {
				LastSwiftMigration = 0710;
				LastSwiftUpdateCheck = 0720;
				LastUpgradeCheck = 1120;
				ORGANIZATIONNAME = dpfbop;
				TargetAttributes = {
					889324F81AE41C3D009B68B2 = {
						CreatedOnToolsVersion = 6.3;
						DevelopmentTeam = DSQACR84TV;
						SystemCapabilities = {
							com.apple.InAppPurchase = {
								enabled = 1;
							};
						};
					};
					8893250D1AE41C3D009B68B2 = {
						CreatedOnToolsVersion = 6.3;
						TestTargetID = 889324F81AE41C3D009B68B2;
					};
				};
			};
			buildConfigurationList = 889324F41AE41C3D009B68B2 /* Build configuration list for PBXProject "thehat" */;
			compatibilityVersion = "Xcode 3.2";
			developmentRegion = en;
			hasScannedForEncodings = 0;
			knownRegions = (
				en,
				ru,
			);
			mainGroup = 889324F01AE41C3D009B68B2;
			productRefGroup = 889324FA1AE41C3D009B68B2 /* Products */;
			projectDirPath = "";
			projectRoot = "";
			targets = (
				889324F81AE41C3D009B68B2 /* thehat */,
				8893250D1AE41C3D009B68B2 /* thehatTests */,
			);
		};
/* End PBXProject section */

/* Begin PBXResourcesBuildPhase section */
		889324F71AE41C3D009B68B2 /* Resources */ = {
			isa = PBXResourcesBuildPhase;
			buildActionMask = 2147483647;
			files = (
				8847B0151C3FF0D7008497E2 /* edit_players.png in Resources */,
				889325041AE41C3D009B68B2 /* Main.storyboard in Resources */,
				BE1EB3232F09A5FC00437C2F /* AppIcon.icon in Resources */,
				8346E1EB238CBB0700A56FEB /* GoogleService-Info.plist in Resources */,
				8847B0061C3BC35D008497E2 /* pause_or_finish.png in Resources */,
				88DBAC281C333A9900C4EB1F /* score.wav in Resources */,
				8847B03E1C450DAD008497E2 /* facebook.png in Resources */,
				8847B00F1C3EBA6C008497E2 /* countdown.wav in Resources */,
				8847B0481C452075008497E2 /* coffee.png in Resources */,
				8847B0421C450E22008497E2 /* vk.png in Resources */,
				88DBAC271C333A9900C4EB1F /* russian.words in Resources */,
				88545D581C3AFE8900887E24 /* edit_words.png in Resources */,
				889325091AE41C3D009B68B2 /* LaunchScreen.xib in Resources */,
				8847B00A1C3BC38C008497E2 /* extra_time.png in Resources */,
				88DBAC261C333A9900C4EB1F /* mistake.wav in Resources */,
				8847B0331C42F497008497E2 /* InfoPlist.strings in Resources */,
				88545D5A1C3AFFD300887E24 /* round.png in Resources */,
				8847B0191C3FF10B008497E2 /* edit_settings.png in Resources */,
				8847B0461C451230008497E2 /* share.png in Resources */,
				887FA78B1C3AF7E90009EA1C /* IPhone6.png in Resources */,
				88DBAC5A1C333DDA00C4EB1F /* Localizable.strings in Resources */,
				8847B04C1C454E1C008497E2 /* star.png in Resources */,
				88DBAC251C333A9900C4EB1F /* english.words in Resources */,
				8847B0021C3BC2BC008497E2 /* preparation.png in Resources */,
				8847AFFE1C3BC266008497E2 /* results.png in Resources */,
				889325061AE41C3D009B68B2 /* Images.xcassets in Resources */,
				834859D9245F75B100DD4772 /* telegram.png in Resources */,
			);
			runOnlyForDeploymentPostprocessing = 0;
		};
		8893250C1AE41C3D009B68B2 /* Resources */ = {
			isa = PBXResourcesBuildPhase;
			buildActionMask = 2147483647;
			files = (
			);
			runOnlyForDeploymentPostprocessing = 0;
		};
/* End PBXResourcesBuildPhase section */

/* Begin PBXShellScriptBuildPhase section */
		352C8012249C39C08C5633CB /* [CP] Check Pods Manifest.lock */ = {
			isa = PBXShellScriptBuildPhase;
			buildActionMask = 2147483647;
			files = (
			);
			inputFileListPaths = (
			);
			inputPaths = (
				"${PODS_PODFILE_DIR_PATH}/Podfile.lock",
				"${PODS_ROOT}/Manifest.lock",
			);
			name = "[CP] Check Pods Manifest.lock";
			outputFileListPaths = (
			);
			outputPaths = (
				"$(DERIVED_FILE_DIR)/Pods-thehatTests-checkManifestLockResult.txt",
			);
			runOnlyForDeploymentPostprocessing = 0;
			shellPath = /bin/sh;
			shellScript = "diff \"${PODS_PODFILE_DIR_PATH}/Podfile.lock\" \"${PODS_ROOT}/Manifest.lock\" > /dev/null\nif [ $? != 0 ] ; then\n    # print error to STDERR\n    echo \"error: The sandbox is not in sync with the Podfile.lock. Run 'pod install' or update your CocoaPods installation.\" >&2\n    exit 1\nfi\n# This output is used by Xcode 'outputs' to avoid re-running this script phase.\necho \"SUCCESS\" > \"${SCRIPT_OUTPUT_FILE_0}\"\n";
			showEnvVarsInLog = 0;
		};
		93F81FD99082FA3429EDF998 /* [CP] Embed Pods Frameworks */ = {
			isa = PBXShellScriptBuildPhase;
			buildActionMask = 2147483647;
			files = (
			);
			inputPaths = (
				"${PODS_ROOT}/Target Support Files/Pods-thehat/Pods-thehat-frameworks.sh",
				"${BUILT_PRODUCTS_DIR}/FirebaseCore/FirebaseCore.framework",
				"${BUILT_PRODUCTS_DIR}/FirebaseCoreExtension/FirebaseCoreExtension.framework",
				"${BUILT_PRODUCTS_DIR}/FirebaseCoreInternal/FirebaseCoreInternal.framework",
				"${BUILT_PRODUCTS_DIR}/FirebaseCrashlytics/FirebaseCrashlytics.framework",
				"${BUILT_PRODUCTS_DIR}/FirebaseInstallations/FirebaseInstallations.framework",
				"${BUILT_PRODUCTS_DIR}/FirebaseRemoteConfigInterop/FirebaseRemoteConfigInterop.framework",
				"${BUILT_PRODUCTS_DIR}/FirebaseSessions/FirebaseSessions.framework",
				"${BUILT_PRODUCTS_DIR}/GoogleDataTransport/GoogleDataTransport.framework",
				"${BUILT_PRODUCTS_DIR}/GoogleUtilities/GoogleUtilities.framework",
				"${BUILT_PRODUCTS_DIR}/PromisesObjC/FBLPromises.framework",
				"${BUILT_PRODUCTS_DIR}/PromisesSwift/Promises.framework",
				"${BUILT_PRODUCTS_DIR}/SwiftyJSON/SwiftyJSON.framework",
				"${BUILT_PRODUCTS_DIR}/nanopb/nanopb.framework",
			);
			name = "[CP] Embed Pods Frameworks";
			outputPaths = (
				"${TARGET_BUILD_DIR}/${FRAMEWORKS_FOLDER_PATH}/FirebaseCore.framework",
				"${TARGET_BUILD_DIR}/${FRAMEWORKS_FOLDER_PATH}/FirebaseCoreExtension.framework",
				"${TARGET_BUILD_DIR}/${FRAMEWORKS_FOLDER_PATH}/FirebaseCoreInternal.framework",
				"${TARGET_BUILD_DIR}/${FRAMEWORKS_FOLDER_PATH}/FirebaseCrashlytics.framework",
				"${TARGET_BUILD_DIR}/${FRAMEWORKS_FOLDER_PATH}/FirebaseInstallations.framework",
				"${TARGET_BUILD_DIR}/${FRAMEWORKS_FOLDER_PATH}/FirebaseRemoteConfigInterop.framework",
				"${TARGET_BUILD_DIR}/${FRAMEWORKS_FOLDER_PATH}/FirebaseSessions.framework",
				"${TARGET_BUILD_DIR}/${FRAMEWORKS_FOLDER_PATH}/GoogleDataTransport.framework",
				"${TARGET_BUILD_DIR}/${FRAMEWORKS_FOLDER_PATH}/GoogleUtilities.framework",
				"${TARGET_BUILD_DIR}/${FRAMEWORKS_FOLDER_PATH}/FBLPromises.framework",
				"${TARGET_BUILD_DIR}/${FRAMEWORKS_FOLDER_PATH}/Promises.framework",
				"${TARGET_BUILD_DIR}/${FRAMEWORKS_FOLDER_PATH}/SwiftyJSON.framework",
				"${TARGET_BUILD_DIR}/${FRAMEWORKS_FOLDER_PATH}/nanopb.framework",
			);
			runOnlyForDeploymentPostprocessing = 0;
			shellPath = /bin/sh;
			shellScript = "\"${PODS_ROOT}/Target Support Files/Pods-thehat/Pods-thehat-frameworks.sh\"\n";
			showEnvVarsInLog = 0;
		};
		A75A0E2AF8DD625F99CB6EF6 /* [CP] Check Pods Manifest.lock */ = {
			isa = PBXShellScriptBuildPhase;
			buildActionMask = 2147483647;
			files = (
			);
			inputFileListPaths = (
			);
			inputPaths = (
				"${PODS_PODFILE_DIR_PATH}/Podfile.lock",
				"${PODS_ROOT}/Manifest.lock",
			);
			name = "[CP] Check Pods Manifest.lock";
			outputFileListPaths = (
			);
			outputPaths = (
				"$(DERIVED_FILE_DIR)/Pods-thehat-checkManifestLockResult.txt",
			);
			runOnlyForDeploymentPostprocessing = 0;
			shellPath = /bin/sh;
			shellScript = "diff \"${PODS_PODFILE_DIR_PATH}/Podfile.lock\" \"${PODS_ROOT}/Manifest.lock\" > /dev/null\nif [ $? != 0 ] ; then\n    # print error to STDERR\n    echo \"error: The sandbox is not in sync with the Podfile.lock. Run 'pod install' or update your CocoaPods installation.\" >&2\n    exit 1\nfi\n# This output is used by Xcode 'outputs' to avoid re-running this script phase.\necho \"SUCCESS\" > \"${SCRIPT_OUTPUT_FILE_0}\"\n";
			showEnvVarsInLog = 0;
		};
		F1REBA5ECRA5HLYT1C5D5YM /* [Firebase] Crashlytics dSYM Upload */ = {
			isa = PBXShellScriptBuildPhase;
			buildActionMask = 2147483647;
			files = (
			);
			inputFileListPaths = (
			);
			inputPaths = (
				"$(DWARF_DSYM_FOLDER_PATH)/$(DWARF_DSYM_FILE_NAME)",
				"$(DWARF_DSYM_FOLDER_PATH)/$(DWARF_DSYM_FILE_NAME)/Contents/Resources/DWARF/$(PRODUCT_NAME)",
				"$(DWARF_DSYM_FOLDER_PATH)/$(DWARF_DSYM_FILE_NAME)/Contents/Info.plist",
				"$(TARGET_BUILD_DIR)/$(INFOPLIST_PATH)",
			);
			name = "[Firebase] Crashlytics dSYM Upload";
			outputFileListPaths = (
			);
			outputPaths = (
			);
			runOnlyForDeploymentPostprocessing = 0;
			shellPath = /bin/sh;
			shellScript = "\"${PODS_ROOT}/FirebaseCrashlytics/run\"";
			showEnvVarsInLog = 0;
		};
/* End PBXShellScriptBuildPhase section */

/* Begin PBXSourcesBuildPhase section */
		889324F51AE41C3D009B68B2 /* Sources */ = {
			isa = PBXSourcesBuildPhase;
			buildActionMask = 2147483647;
			files = (
				84C88BBB27BE4FB40072E0E7 /* HistoryTableViewCell.swift in Sources */,
				88DBAC4D1C333ACC00C4EB1F /* WordsLoaderProtocol.swift in Sources */,
				88DBAC421C333AC500C4EB1F /* TimerView.swift in Sources */,
				88DBAC351C333AB300C4EB1F /* ResultsViewController.swift in Sources */,
				84C88BB927BE4F930072E0E7 /* HistoryViewController.swift in Sources */,
				88DBAC1D1C333A7E00C4EB1F /* Round.swift in Sources */,
				84C88BC027BE513A0072E0E7 /* GameHistoryItem.swift in Sources */,
				88DBAC331C333AB300C4EB1F /* MenuController.swift in Sources */,
				841AA20C27B3FAC800243084 /* LanguageChanger.swift in Sources */,
				846CFCC727BFA74D008A79E9 /* PlayerView.swift in Sources */,
				8346E1ED238CCA8B00A56FEB /* StoreReviewHelper.swift in Sources */,
				84BF04A027BEDB46007C1794 /* AddWordViewController.swift in Sources */,
				88DBAC3E1C333AC500C4EB1F /* ColorChangingView.swift in Sources */,
				88DBAC1C1C333A7E00C4EB1F /* Player.swift in Sources */,
				88DBAC321C333AB300C4EB1F /* GameSettingsViewController.swift in Sources */,
				84C88BC427BE5C230072E0E7 /* Date + Extension.swift in Sources */,
				8847B03C1C450B87008497E2 /* AboutTableViewCell.swift in Sources */,
				8416271E27B476D70024D461 /* Localization.swift in Sources */,
				88DBAC491C333ACC00C4EB1F /* ColorChangingViewDelegate.swift in Sources */,
				887FA7741C3A95020009EA1C /* TutorialViewController.swift in Sources */,
				887FA7761C3A95CF0009EA1C /* TutorialPageViewController.swift in Sources */,
				88DBAC1E1C333A7E00C4EB1F /* Word.swift in Sources */,
				84BF049D27BEC026007C1794 /* HistoryEmptyView.swift in Sources */,
				88DBAC1F1C333A7E00C4EB1F /* WordsLoader.swift in Sources */,
				84BF049B27BEBD99007C1794 /* HistoryHeaderTableView.swift in Sources */,
				88DBAC371C333AB300C4EB1F /* AboutViewController.swift in Sources */,
				841AA20D27B3FAC800243084 /* Language.swift in Sources */,
				846CFCC927BFAB4D008A79E9 /* SeparatorView.swift in Sources */,
				84C88BC827BE62B30072E0E7 /* UITableView + Extension.swift in Sources */,
				88DBAC4B1C333ACC00C4EB1F /* PlayerTableViewCellDelegate.swift in Sources */,
				88DBAC411C333AC500C4EB1F /* PlayerTableViewCell.swift in Sources */,
				88DBAC341C333AB300C4EB1F /* PreparationViewController.swift in Sources */,
				84C88BC627BE5C2C0072E0E7 /* GameHistoryItemsMapper.swift in Sources */,
				889324FF1AE41C3D009B68B2 /* AppDelegate.swift in Sources */,
				84C88BBE27BE50130072E0E7 /* DefaultsService.swift in Sources */,
				88DBAC1B1C333A7E00C4EB1F /* Game.swift in Sources */,
				88DBAC4A1C333ACC00C4EB1F /* Extensions.swift in Sources */,
				88DBAC311C333AB300C4EB1F /* EditWordsGuessedViewController.swift in Sources */,
				88DBAC401C333AC500C4EB1F /* PlayerResultCell.swift in Sources */,
				84BF04A227BEDB79007C1794 /* AddWordTextField.swift in Sources */,
				88DBAC361C333AB300C4EB1F /* RoundViewController.swift in Sources */,
				88DBAC3F1C333AC500C4EB1F /* GuessedWordCell.swift in Sources */,
				84C88BC227BE54380072E0E7 /* ViewReusable.swift in Sources */,
			);
			runOnlyForDeploymentPostprocessing = 0;
		};
		8893250A1AE41C3D009B68B2 /* Sources */ = {
			isa = PBXSourcesBuildPhase;
			buildActionMask = 2147483647;
			files = (
				889325151AE41C3D009B68B2 /* thehatTests.swift in Sources */,
			);
			runOnlyForDeploymentPostprocessing = 0;
		};
/* End PBXSourcesBuildPhase section */

/* Begin PBXTargetDependency section */
		889325101AE41C3D009B68B2 /* PBXTargetDependency */ = {
			isa = PBXTargetDependency;
			target = 889324F81AE41C3D009B68B2 /* thehat */;
			targetProxy = 8893250F1AE41C3D009B68B2 /* PBXContainerItemProxy */;
		};
/* End PBXTargetDependency section */

/* Begin PBXVariantGroup section */
		8847B0001C3BC266008497E2 /* results.png */ = {
			isa = PBXVariantGroup;
			children = (
				8847B0011C3BC26A008497E2 /* ru */,
				841AA20127B3F9CC00243084 /* en */,
			);
			name = results.png;
			sourceTree = "<group>";
		};
		8847B0041C3BC2BC008497E2 /* preparation.png */ = {
			isa = PBXVariantGroup;
			children = (
				8847B0051C3BC2BE008497E2 /* ru */,
				841AA20427B3F9CC00243084 /* en */,
			);
			name = preparation.png;
			sourceTree = "<group>";
		};
		8847B0081C3BC35D008497E2 /* pause_or_finish.png */ = {
			isa = PBXVariantGroup;
			children = (
				8847B0091C3BC35F008497E2 /* ru */,
				841AA20627B3F9CC00243084 /* en */,
			);
			name = pause_or_finish.png;
			sourceTree = "<group>";
		};
		8847B00C1C3BC38C008497E2 /* extra_time.png */ = {
			isa = PBXVariantGroup;
			children = (
				8847B00D1C3BC38D008497E2 /* ru */,
				841AA20527B3F9CC00243084 /* en */,
			);
			name = extra_time.png;
			sourceTree = "<group>";
		};
		8847B0171C3FF0D7008497E2 /* edit_players.png */ = {
			isa = PBXVariantGroup;
			children = (
				8847B0181C3FF0DA008497E2 /* ru */,
				841AA20227B3F9CC00243084 /* en */,
			);
			name = edit_players.png;
			sourceTree = "<group>";
		};
		8847B01B1C3FF10B008497E2 /* edit_settings.png */ = {
			isa = PBXVariantGroup;
			children = (
				8847B01C1C3FF10D008497E2 /* ru */,
				841AA20027B3F9CC00243084 /* en */,
			);
			name = edit_settings.png;
			sourceTree = "<group>";
		};
		8847B0351C42F497008497E2 /* InfoPlist.strings */ = {
			isa = PBXVariantGroup;
			children = (
				8847B0361C42F498008497E2 /* ru */,
				841AA1FD27B3F9CC00243084 /* en */,
			);
			name = InfoPlist.strings;
			sourceTree = "<group>";
		};
		88545D5C1C3AFFD300887E24 /* round.png */ = {
			isa = PBXVariantGroup;
			children = (
				88545D5D1C3AFFD600887E24 /* ru */,
				841AA1FF27B3F9CC00243084 /* en */,
			);
			name = round.png;
			sourceTree = "<group>";
		};
		889325021AE41C3D009B68B2 /* Main.storyboard */ = {
			isa = PBXVariantGroup;
			children = (
				841AA1FC27B3F9B100243084 /* en */,
			);
			name = Main.storyboard;
			sourceTree = "<group>";
		};
		889325071AE41C3D009B68B2 /* LaunchScreen.xib */ = {
			isa = PBXVariantGroup;
			children = (
				841AA1FE27B3F9CC00243084 /* en */,
			);
			name = LaunchScreen.xib;
			sourceTree = "<group>";
		};
		88DBAC581C333DDA00C4EB1F /* Localizable.strings */ = {
			isa = PBXVariantGroup;
			children = (
				88DBAC5B1C333E1000C4EB1F /* ru */,
				841AA20327B3F9CC00243084 /* en */,
			);
			name = Localizable.strings;
			path = ..;
			sourceTree = "<group>";
		};
/* End PBXVariantGroup section */

/* Begin XCBuildConfiguration section */
		889325161AE41C3D009B68B2 /* Debug */ = {
			isa = XCBuildConfiguration;
			buildSettings = {
				ALWAYS_SEARCH_USER_PATHS = NO;
				CLANG_ANALYZER_LOCALIZABILITY_NONLOCALIZED = YES;
				CLANG_CXX_LANGUAGE_STANDARD = "gnu++0x";
				CLANG_CXX_LIBRARY = "libc++";
				CLANG_ENABLE_MODULES = YES;
				CLANG_ENABLE_OBJC_ARC = YES;
				CLANG_WARN_BLOCK_CAPTURE_AUTORELEASING = YES;
				CLANG_WARN_BOOL_CONVERSION = YES;
				CLANG_WARN_COMMA = YES;
				CLANG_WARN_CONSTANT_CONVERSION = YES;
				CLANG_WARN_DEPRECATED_OBJC_IMPLEMENTATIONS = YES;
				CLANG_WARN_DIRECT_OBJC_ISA_USAGE = YES_ERROR;
				CLANG_WARN_EMPTY_BODY = YES;
				CLANG_WARN_ENUM_CONVERSION = YES;
				CLANG_WARN_INFINITE_RECURSION = YES;
				CLANG_WARN_INT_CONVERSION = YES;
				CLANG_WARN_NON_LITERAL_NULL_CONVERSION = YES;
				CLANG_WARN_OBJC_IMPLICIT_RETAIN_SELF = YES;
				CLANG_WARN_OBJC_LITERAL_CONVERSION = YES;
				CLANG_WARN_OBJC_ROOT_CLASS = YES_ERROR;
				CLANG_WARN_RANGE_LOOP_ANALYSIS = YES;
				CLANG_WARN_STRICT_PROTOTYPES = YES;
				CLANG_WARN_SUSPICIOUS_MOVE = YES;
				CLANG_WARN_UNREACHABLE_CODE = YES;
				CLANG_WARN__DUPLICATE_METHOD_MATCH = YES;
				"CODE_SIGN_IDENTITY[sdk=iphoneos*]" = "iPhone Developer";
				COPY_PHASE_STRIP = NO;
				DEBUG_INFORMATION_FORMAT = "dwarf-with-dsym";
				ENABLE_STRICT_OBJC_MSGSEND = YES;
				ENABLE_TESTABILITY = YES;
				GCC_C_LANGUAGE_STANDARD = gnu99;
				GCC_DYNAMIC_NO_PIC = NO;
				GCC_NO_COMMON_BLOCKS = YES;
				GCC_OPTIMIZATION_LEVEL = 0;
				GCC_PREPROCESSOR_DEFINITIONS = (
					"DEBUG=1",
					"$(inherited)",
				);
				GCC_SYMBOLS_PRIVATE_EXTERN = NO;
				GCC_WARN_64_TO_32_BIT_CONVERSION = YES;
				GCC_WARN_ABOUT_RETURN_TYPE = YES_ERROR;
				GCC_WARN_UNDECLARED_SELECTOR = YES;
				GCC_WARN_UNINITIALIZED_AUTOS = YES_AGGRESSIVE;
				GCC_WARN_UNUSED_FUNCTION = YES;
				GCC_WARN_UNUSED_VARIABLE = YES;
				IPHONEOS_DEPLOYMENT_TARGET = 12.0;
				MTL_ENABLE_DEBUG_INFO = YES;
				ONLY_ACTIVE_ARCH = YES;
				SDKROOT = iphoneos;
				SWIFT_OPTIMIZATION_LEVEL = "-Onone";
				SWIFT_VERSION = 5.0;
				TARGETED_DEVICE_FAMILY = "1,2";
			};
			name = Debug;
		};
		889325171AE41C3D009B68B2 /* Release */ = {
			isa = XCBuildConfiguration;
			buildSettings = {
				ALWAYS_SEARCH_USER_PATHS = NO;
				CLANG_ANALYZER_LOCALIZABILITY_NONLOCALIZED = YES;
				CLANG_CXX_LANGUAGE_STANDARD = "gnu++0x";
				CLANG_CXX_LIBRARY = "libc++";
				CLANG_ENABLE_MODULES = YES;
				CLANG_ENABLE_OBJC_ARC = YES;
				CLANG_WARN_BLOCK_CAPTURE_AUTORELEASING = YES;
				CLANG_WARN_BOOL_CONVERSION = YES;
				CLANG_WARN_COMMA = YES;
				CLANG_WARN_CONSTANT_CONVERSION = YES;
				CLANG_WARN_DEPRECATED_OBJC_IMPLEMENTATIONS = YES;
				CLANG_WARN_DIRECT_OBJC_ISA_USAGE = YES_ERROR;
				CLANG_WARN_EMPTY_BODY = YES;
				CLANG_WARN_ENUM_CONVERSION = YES;
				CLANG_WARN_INFINITE_RECURSION = YES;
				CLANG_WARN_INT_CONVERSION = YES;
				CLANG_WARN_NON_LITERAL_NULL_CONVERSION = YES;
				CLANG_WARN_OBJC_IMPLICIT_RETAIN_SELF = YES;
				CLANG_WARN_OBJC_LITERAL_CONVERSION = YES;
				CLANG_WARN_OBJC_ROOT_CLASS = YES_ERROR;
				CLANG_WARN_RANGE_LOOP_ANALYSIS = YES;
				CLANG_WARN_STRICT_PROTOTYPES = YES;
				CLANG_WARN_SUSPICIOUS_MOVE = YES;
				CLANG_WARN_UNREACHABLE_CODE = YES;
				CLANG_WARN__DUPLICATE_METHOD_MATCH = YES;
				"CODE_SIGN_IDENTITY[sdk=iphoneos*]" = "iPhone Developer";
				COPY_PHASE_STRIP = NO;
				DEBUG_INFORMATION_FORMAT = "dwarf-with-dsym";
				ENABLE_NS_ASSERTIONS = NO;
				ENABLE_STRICT_OBJC_MSGSEND = YES;
				GCC_C_LANGUAGE_STANDARD = gnu99;
				GCC_NO_COMMON_BLOCKS = YES;
				GCC_WARN_64_TO_32_BIT_CONVERSION = YES;
				GCC_WARN_ABOUT_RETURN_TYPE = YES_ERROR;
				GCC_WARN_UNDECLARED_SELECTOR = YES;
				GCC_WARN_UNINITIALIZED_AUTOS = YES_AGGRESSIVE;
				GCC_WARN_UNUSED_FUNCTION = YES;
				GCC_WARN_UNUSED_VARIABLE = YES;
				IPHONEOS_DEPLOYMENT_TARGET = 12.0;
				MTL_ENABLE_DEBUG_INFO = NO;
				SDKROOT = iphoneos;
				SWIFT_COMPILATION_MODE = wholemodule;
				SWIFT_VERSION = 5.0;
				TARGETED_DEVICE_FAMILY = "1,2";
				VALIDATE_PRODUCT = YES;
			};
			name = Release;
		};
		889325191AE41C3D009B68B2 /* Debug */ = {
			isa = XCBuildConfiguration;
			baseConfigurationReference = 652686D9F328666A0EFB0246 /* Pods-thehat.debug.xcconfig */;
			buildSettings = {
				ASSETCATALOG_COMPILER_APPICON_NAME = AppIcon;
				ASSETCATALOG_COMPILER_INCLUDE_ALL_APPICON_ASSETS = NO;
				CLANG_ENABLE_MODULES = YES;
				CODE_SIGN_IDENTITY = "iPhone Developer";
				"CODE_SIGN_IDENTITY[sdk=iphoneos*]" = "iPhone Developer";
				CURRENT_PROJECT_VERSION = 1;
				DEVELOPMENT_TEAM = DSQACR84TV;
				FRAMEWORK_SEARCH_PATHS = (
					"$(inherited)",
					"$(PROJECT_DIR)/thehat",
				);
				INFOPLIST_FILE = thehat/Info.plist;
				IPHONEOS_DEPLOYMENT_TARGET = 12.0;
				LD_RUNPATH_SEARCH_PATHS = "$(inherited) @executable_path/Frameworks";
				MARKETING_VERSION = 1.3;
				PRODUCT_BUNDLE_IDENTIFIER = "com.dpfbop.$(PRODUCT_NAME:rfc1034identifier)";
				PRODUCT_NAME = "$(TARGET_NAME)";
				PROVISIONING_PROFILE = "";
				SWIFT_OBJC_BRIDGING_HEADER = "thehat/thehat-Bridging-Header.h";
				SWIFT_OPTIMIZATION_LEVEL = "-Onone";
			};
			name = Debug;
		};
		8893251A1AE41C3D009B68B2 /* Release */ = {
			isa = XCBuildConfiguration;
			baseConfigurationReference = 8F25781847BACF6A06AD5E20 /* Pods-thehat.release.xcconfig */;
			buildSettings = {
				ASSETCATALOG_COMPILER_APPICON_NAME = AppIcon;
				ASSETCATALOG_COMPILER_INCLUDE_ALL_APPICON_ASSETS = NO;
				CLANG_ENABLE_MODULES = YES;
				CODE_SIGN_IDENTITY = "iPhone Developer";
				"CODE_SIGN_IDENTITY[sdk=iphoneos*]" = "iPhone Developer";
				CURRENT_PROJECT_VERSION = 1;
				DEVELOPMENT_TEAM = DSQACR84TV;
				FRAMEWORK_SEARCH_PATHS = (
					"$(inherited)",
					"$(PROJECT_DIR)/thehat",
				);
				INFOPLIST_FILE = thehat/Info.plist;
				IPHONEOS_DEPLOYMENT_TARGET = 12.0;
				LD_RUNPATH_SEARCH_PATHS = "$(inherited) @executable_path/Frameworks";
				MARKETING_VERSION = 1.3;
				PRODUCT_BUNDLE_IDENTIFIER = "com.dpfbop.$(PRODUCT_NAME:rfc1034identifier)";
				PRODUCT_NAME = "$(TARGET_NAME)";
				PROVISIONING_PROFILE = "";
				SWIFT_OBJC_BRIDGING_HEADER = "thehat/thehat-Bridging-Header.h";
			};
			name = Release;
		};
		8893251C1AE41C3D009B68B2 /* Debug */ = {
			isa = XCBuildConfiguration;
			baseConfigurationReference = 75C500F7551685DAC4E59529 /* Pods-thehatTests.debug.xcconfig */;
			buildSettings = {
				BUNDLE_LOADER = "$(TEST_HOST)";
				FRAMEWORK_SEARCH_PATHS = "$(inherited)";
				GCC_PREPROCESSOR_DEFINITIONS = (
					"DEBUG=1",
					"$(inherited)",
				);
				INFOPLIST_FILE = thehatTests/Info.plist;
				LD_RUNPATH_SEARCH_PATHS = "$(inherited) @executable_path/Frameworks @loader_path/Frameworks";
				PRODUCT_BUNDLE_IDENTIFIER = "com.dpfbop.$(PRODUCT_NAME:rfc1034identifier)";
				PRODUCT_NAME = "$(TARGET_NAME)";
				TEST_HOST = "$(BUILT_PRODUCTS_DIR)/thehat.app/thehat";
			};
			name = Debug;
		};
		8893251D1AE41C3D009B68B2 /* Release */ = {
			isa = XCBuildConfiguration;
			baseConfigurationReference = F7CCD01033C8621462A4A38D /* Pods-thehatTests.release.xcconfig */;
			buildSettings = {
				BUNDLE_LOADER = "$(TEST_HOST)";
				FRAMEWORK_SEARCH_PATHS = "$(inherited)";
				INFOPLIST_FILE = thehatTests/Info.plist;
				LD_RUNPATH_SEARCH_PATHS = "$(inherited) @executable_path/Frameworks @loader_path/Frameworks";
				PRODUCT_BUNDLE_IDENTIFIER = "com.dpfbop.$(PRODUCT_NAME:rfc1034identifier)";
				PRODUCT_NAME = "$(TARGET_NAME)";
				TEST_HOST = "$(BUILT_PRODUCTS_DIR)/thehat.app/thehat";
			};
			name = Release;
		};
/* End XCBuildConfiguration section */

/* Begin XCConfigurationList section */
		889324F41AE41C3D009B68B2 /* Build configuration list for PBXProject "thehat" */ = {
			isa = XCConfigurationList;
			buildConfigurations = (
				889325161AE41C3D009B68B2 /* Debug */,
				889325171AE41C3D009B68B2 /* Release */,
			);
			defaultConfigurationIsVisible = 0;
			defaultConfigurationName = Release;
		};
		889325181AE41C3D009B68B2 /* Build configuration list for PBXNativeTarget "thehat" */ = {
			isa = XCConfigurationList;
			buildConfigurations = (
				889325191AE41C3D009B68B2 /* Debug */,
				8893251A1AE41C3D009B68B2 /* Release */,
			);
			defaultConfigurationIsVisible = 0;
			defaultConfigurationName = Release;
		};
		8893251B1AE41C3D009B68B2 /* Build configuration list for PBXNativeTarget "thehatTests" */ = {
			isa = XCConfigurationList;
			buildConfigurations = (
				8893251C1AE41C3D009B68B2 /* Debug */,
				8893251D1AE41C3D009B68B2 /* Release */,
			);
			defaultConfigurationIsVisible = 0;
			defaultConfigurationName = Release;
		};
/* End XCConfigurationList section */
	};
	rootObject = 889324F11AE41C3D009B68B2 /* Project object */;
}
