// !$*UTF8*$!
{
	archiveVersion = 1;
	classes = {
	};
	objectVersion = 46;
	objects = {

/* Begin PBXBuildFile section */
		887FA7741C3A95020009EA1C /* TutorialViewController.swift in Sources */ = {isa = PBXBuildFile; fileRef = 887FA7731C3A95020009EA1C /* TutorialViewController.swift */; };
		887FA7761C3A95CF0009EA1C /* TutorialPageViewController.swift in Sources */ = {isa = PBXBuildFile; fileRef = 887FA7751C3A95CF0009EA1C /* TutorialPageViewController.swift */; };
		889324FF1AE41C3D009B68B2 /* AppDelegate.swift in Sources */ = {isa = PBXBuildFile; fileRef = 889324FE1AE41C3D009B68B2 /* AppDelegate.swift */; };
		889325041AE41C3D009B68B2 /* Main.storyboard in Resources */ = {isa = PBXBuildFile; fileRef = 889325021AE41C3D009B68B2 /* Main.storyboard */; };
		889325061AE41C3D009B68B2 /* Images.xcassets in Resources */ = {isa = PBXBuildFile; fileRef = 889325051AE41C3D009B68B2 /* Images.xcassets */; };
		889325091AE41C3D009B68B2 /* LaunchScreen.xib in Resources */ = {isa = PBXBuildFile; fileRef = 889325071AE41C3D009B68B2 /* LaunchScreen.xib */; };
		889325151AE41C3D009B68B2 /* thehatTests.swift in Sources */ = {isa = PBXBuildFile; fileRef = 889325141AE41C3D009B68B2 /* thehatTests.swift */; };
		88DBAC1B1C333A7E00C4EB1F /* Game.swift in Sources */ = {isa = PBXBuildFile; fileRef = 88DBAC161C333A7E00C4EB1F /* Game.swift */; };
		88DBAC1C1C333A7E00C4EB1F /* Player.swift in Sources */ = {isa = PBXBuildFile; fileRef = 88DBAC171C333A7E00C4EB1F /* Player.swift */; };
		88DBAC1D1C333A7E00C4EB1F /* Round.swift in Sources */ = {isa = PBXBuildFile; fileRef = 88DBAC181C333A7E00C4EB1F /* Round.swift */; };
		88DBAC1E1C333A7E00C4EB1F /* Word.swift in Sources */ = {isa = PBXBuildFile; fileRef = 88DBAC191C333A7E00C4EB1F /* Word.swift */; };
		88DBAC1F1C333A7E00C4EB1F /* WordsLoader.swift in Sources */ = {isa = PBXBuildFile; fileRef = 88DBAC1A1C333A7E00C4EB1F /* WordsLoader.swift */; };
		88DBAC251C333A9900C4EB1F /* english.words in Resources */ = {isa = PBXBuildFile; fileRef = 88DBAC211C333A9900C4EB1F /* english.words */; };
		88DBAC261C333A9900C4EB1F /* mistake.wav in Resources */ = {isa = PBXBuildFile; fileRef = 88DBAC221C333A9900C4EB1F /* mistake.wav */; };
		88DBAC271C333A9900C4EB1F /* russian.words in Resources */ = {isa = PBXBuildFile; fileRef = 88DBAC231C333A9900C4EB1F /* russian.words */; };
		88DBAC281C333A9900C4EB1F /* score.wav in Resources */ = {isa = PBXBuildFile; fileRef = 88DBAC241C333A9900C4EB1F /* score.wav */; };
		88DBAC311C333AB300C4EB1F /* EditWordsGuessedViewController.swift in Sources */ = {isa = PBXBuildFile; fileRef = 88DBAC2A1C333AB300C4EB1F /* EditWordsGuessedViewController.swift */; };
		88DBAC321C333AB300C4EB1F /* GameSettingsViewController.swift in Sources */ = {isa = PBXBuildFile; fileRef = 88DBAC2B1C333AB300C4EB1F /* GameSettingsViewController.swift */; };
		88DBAC331C333AB300C4EB1F /* MenuController.swift in Sources */ = {isa = PBXBuildFile; fileRef = 88DBAC2C1C333AB300C4EB1F /* MenuController.swift */; };
		88DBAC341C333AB300C4EB1F /* PreparationViewController.swift in Sources */ = {isa = PBXBuildFile; fileRef = 88DBAC2D1C333AB300C4EB1F /* PreparationViewController.swift */; };
		88DBAC351C333AB300C4EB1F /* ResultsViewController.swift in Sources */ = {isa = PBXBuildFile; fileRef = 88DBAC2E1C333AB300C4EB1F /* ResultsViewController.swift */; };
		88DBAC361C333AB300C4EB1F /* RoundViewController.swift in Sources */ = {isa = PBXBuildFile; fileRef = 88DBAC2F1C333AB300C4EB1F /* RoundViewController.swift */; };
		88DBAC371C333AB300C4EB1F /* AboutViewController.swift in Sources */ = {isa = PBXBuildFile; fileRef = 88DBAC301C333AB300C4EB1F /* AboutViewController.swift */; };
		88DBAC3E1C333AC500C4EB1F /* ColorChangingView.swift in Sources */ = {isa = PBXBuildFile; fileRef = 88DBAC391C333AC500C4EB1F /* ColorChangingView.swift */; };
		88DBAC3F1C333AC500C4EB1F /* GuessedWordCell.swift in Sources */ = {isa = PBXBuildFile; fileRef = 88DBAC3A1C333AC500C4EB1F /* GuessedWordCell.swift */; };
		88DBAC401C333AC500C4EB1F /* PlayerResultCell.swift in Sources */ = {isa = PBXBuildFile; fileRef = 88DBAC3B1C333AC500C4EB1F /* PlayerResultCell.swift */; };
		88DBAC411C333AC500C4EB1F /* PlayerTableViewCell.swift in Sources */ = {isa = PBXBuildFile; fileRef = 88DBAC3C1C333AC500C4EB1F /* PlayerTableViewCell.swift */; };
		88DBAC421C333AC500C4EB1F /* TimerView.swift in Sources */ = {isa = PBXBuildFile; fileRef = 88DBAC3D1C333AC500C4EB1F /* TimerView.swift */; };
		88DBAC491C333ACC00C4EB1F /* ColorChangingViewDelegate.swift in Sources */ = {isa = PBXBuildFile; fileRef = 88DBAC441C333ACC00C4EB1F /* ColorChangingViewDelegate.swift */; };
		88DBAC4A1C333ACC00C4EB1F /* Extensions.swift in Sources */ = {isa = PBXBuildFile; fileRef = 88DBAC451C333ACC00C4EB1F /* Extensions.swift */; };
		88DBAC4B1C333ACC00C4EB1F /* PlayerTableViewCellDelegate.swift in Sources */ = {isa = PBXBuildFile; fileRef = 88DBAC461C333ACC00C4EB1F /* PlayerTableViewCellDelegate.swift */; };
		88DBAC4C1C333ACC00C4EB1F /* SwiftyJSON.swift in Sources */ = {isa = PBXBuildFile; fileRef = 88DBAC471C333ACC00C4EB1F /* SwiftyJSON.swift */; };
		88DBAC4D1C333ACC00C4EB1F /* WordsLoaderDelegate.swift in Sources */ = {isa = PBXBuildFile; fileRef = 88DBAC481C333ACC00C4EB1F /* WordsLoaderDelegate.swift */; };
		88DBAC5A1C333DDA00C4EB1F /* Localizable.strings in Resources */ = {isa = PBXBuildFile; fileRef = 88DBAC581C333DDA00C4EB1F /* Localizable.strings */; };
/* End PBXBuildFile section */

/* Begin PBXContainerItemProxy section */
		8893250F1AE41C3D009B68B2 /* PBXContainerItemProxy */ = {
			isa = PBXContainerItemProxy;
			containerPortal = 889324F11AE41C3D009B68B2 /* Project object */;
			proxyType = 1;
			remoteGlobalIDString = 889324F81AE41C3D009B68B2;
			remoteInfo = thehat;
		};
/* End PBXContainerItemProxy section */

/* Begin PBXFileReference section */
		881697C21AE7FFB2006BD0C2 /* thehat-Bridging-Header.h */ = {isa = PBXFileReference; lastKnownFileType = sourcecode.c.h; path = "thehat-Bridging-Header.h"; sourceTree = "<group>"; };
		887FA7731C3A95020009EA1C /* TutorialViewController.swift */ = {isa = PBXFileReference; fileEncoding = 4; lastKnownFileType = sourcecode.swift; path = TutorialViewController.swift; sourceTree = "<group>"; };
		887FA7751C3A95CF0009EA1C /* TutorialPageViewController.swift */ = {isa = PBXFileReference; fileEncoding = 4; lastKnownFileType = sourcecode.swift; path = TutorialPageViewController.swift; sourceTree = "<group>"; };
		889324F91AE41C3D009B68B2 /* thehat.app */ = {isa = PBXFileReference; explicitFileType = wrapper.application; includeInIndex = 0; path = thehat.app; sourceTree = BUILT_PRODUCTS_DIR; };
		889324FD1AE41C3D009B68B2 /* Info.plist */ = {isa = PBXFileReference; lastKnownFileType = text.plist.xml; path = Info.plist; sourceTree = "<group>"; };
		889324FE1AE41C3D009B68B2 /* AppDelegate.swift */ = {isa = PBXFileReference; lastKnownFileType = sourcecode.swift; path = AppDelegate.swift; sourceTree = "<group>"; };
		889325051AE41C3D009B68B2 /* Images.xcassets */ = {isa = PBXFileReference; lastKnownFileType = folder.assetcatalog; path = Images.xcassets; sourceTree = "<group>"; };
		889325081AE41C3D009B68B2 /* Base */ = {isa = PBXFileReference; lastKnownFileType = file.xib; name = Base; path = Base.lproj/LaunchScreen.xib; sourceTree = "<group>"; };
		8893250E1AE41C3D009B68B2 /* thehatTests.xctest */ = {isa = PBXFileReference; explicitFileType = wrapper.cfbundle; includeInIndex = 0; path = thehatTests.xctest; sourceTree = BUILT_PRODUCTS_DIR; };
		889325131AE41C3D009B68B2 /* Info.plist */ = {isa = PBXFileReference; lastKnownFileType = text.plist.xml; path = Info.plist; sourceTree = "<group>"; };
		889325141AE41C3D009B68B2 /* thehatTests.swift */ = {isa = PBXFileReference; lastKnownFileType = sourcecode.swift; path = thehatTests.swift; sourceTree = "<group>"; };
		88DA283F1B17B5EF007E1F47 /* ru */ = {isa = PBXFileReference; lastKnownFileType = text.plist.strings; name = ru; path = ru.lproj/LaunchScreen.strings; sourceTree = "<group>"; };
		88DBAC161C333A7E00C4EB1F /* Game.swift */ = {isa = PBXFileReference; fileEncoding = 4; lastKnownFileType = sourcecode.swift; path = Game.swift; sourceTree = "<group>"; };
		88DBAC171C333A7E00C4EB1F /* Player.swift */ = {isa = PBXFileReference; fileEncoding = 4; lastKnownFileType = sourcecode.swift; path = Player.swift; sourceTree = "<group>"; };
		88DBAC181C333A7E00C4EB1F /* Round.swift */ = {isa = PBXFileReference; fileEncoding = 4; lastKnownFileType = sourcecode.swift; path = Round.swift; sourceTree = "<group>"; };
		88DBAC191C333A7E00C4EB1F /* Word.swift */ = {isa = PBXFileReference; fileEncoding = 4; lastKnownFileType = sourcecode.swift; path = Word.swift; sourceTree = "<group>"; };
		88DBAC1A1C333A7E00C4EB1F /* WordsLoader.swift */ = {isa = PBXFileReference; fileEncoding = 4; lastKnownFileType = sourcecode.swift; path = WordsLoader.swift; sourceTree = "<group>"; };
		88DBAC211C333A9900C4EB1F /* english.words */ = {isa = PBXFileReference; fileEncoding = 4; lastKnownFileType = text; path = english.words; sourceTree = "<group>"; };
		88DBAC221C333A9900C4EB1F /* mistake.wav */ = {isa = PBXFileReference; lastKnownFileType = audio.wav; path = mistake.wav; sourceTree = "<group>"; };
		88DBAC231C333A9900C4EB1F /* russian.words */ = {isa = PBXFileReference; fileEncoding = 4; lastKnownFileType = text; path = russian.words; sourceTree = "<group>"; };
		88DBAC241C333A9900C4EB1F /* score.wav */ = {isa = PBXFileReference; lastKnownFileType = audio.wav; path = score.wav; sourceTree = "<group>"; };
		88DBAC2A1C333AB300C4EB1F /* EditWordsGuessedViewController.swift */ = {isa = PBXFileReference; fileEncoding = 4; lastKnownFileType = sourcecode.swift; path = EditWordsGuessedViewController.swift; sourceTree = "<group>"; };
		88DBAC2B1C333AB300C4EB1F /* GameSettingsViewController.swift */ = {isa = PBXFileReference; fileEncoding = 4; lastKnownFileType = sourcecode.swift; path = GameSettingsViewController.swift; sourceTree = "<group>"; };
		88DBAC2C1C333AB300C4EB1F /* MenuController.swift */ = {isa = PBXFileReference; fileEncoding = 4; lastKnownFileType = sourcecode.swift; path = MenuController.swift; sourceTree = "<group>"; };
		88DBAC2D1C333AB300C4EB1F /* PreparationViewController.swift */ = {isa = PBXFileReference; fileEncoding = 4; lastKnownFileType = sourcecode.swift; path = PreparationViewController.swift; sourceTree = "<group>"; };
		88DBAC2E1C333AB300C4EB1F /* ResultsViewController.swift */ = {isa = PBXFileReference; fileEncoding = 4; lastKnownFileType = sourcecode.swift; path = ResultsViewController.swift; sourceTree = "<group>"; };
		88DBAC2F1C333AB300C4EB1F /* RoundViewController.swift */ = {isa = PBXFileReference; fileEncoding = 4; lastKnownFileType = sourcecode.swift; path = RoundViewController.swift; sourceTree = "<group>"; };
		88DBAC301C333AB300C4EB1F /* AboutViewController.swift */ = {isa = PBXFileReference; fileEncoding = 4; lastKnownFileType = sourcecode.swift; path = AboutViewController.swift; sourceTree = "<group>"; };
		88DBAC391C333AC500C4EB1F /* ColorChangingView.swift */ = {isa = PBXFileReference; fileEncoding = 4; lastKnownFileType = sourcecode.swift; path = ColorChangingView.swift; sourceTree = "<group>"; };
		88DBAC3A1C333AC500C4EB1F /* GuessedWordCell.swift */ = {isa = PBXFileReference; fileEncoding = 4; lastKnownFileType = sourcecode.swift; path = GuessedWordCell.swift; sourceTree = "<group>"; };
		88DBAC3B1C333AC500C4EB1F /* PlayerResultCell.swift */ = {isa = PBXFileReference; fileEncoding = 4; lastKnownFileType = sourcecode.swift; path = PlayerResultCell.swift; sourceTree = "<group>"; };
		88DBAC3C1C333AC500C4EB1F /* PlayerTableViewCell.swift */ = {isa = PBXFileReference; fileEncoding = 4; lastKnownFileType = sourcecode.swift; path = PlayerTableViewCell.swift; sourceTree = "<group>"; };
		88DBAC3D1C333AC500C4EB1F /* TimerView.swift */ = {isa = PBXFileReference; fileEncoding = 4; lastKnownFileType = sourcecode.swift; path = TimerView.swift; sourceTree = "<group>"; };
		88DBAC441C333ACC00C4EB1F /* ColorChangingViewDelegate.swift */ = {isa = PBXFileReference; fileEncoding = 4; lastKnownFileType = sourcecode.swift; path = ColorChangingViewDelegate.swift; sourceTree = "<group>"; };
		88DBAC451C333ACC00C4EB1F /* Extensions.swift */ = {isa = PBXFileReference; fileEncoding = 4; lastKnownFileType = sourcecode.swift; path = Extensions.swift; sourceTree = "<group>"; };
		88DBAC461C333ACC00C4EB1F /* PlayerTableViewCellDelegate.swift */ = {isa = PBXFileReference; fileEncoding = 4; lastKnownFileType = sourcecode.swift; path = PlayerTableViewCellDelegate.swift; sourceTree = "<group>"; };
		88DBAC471C333ACC00C4EB1F /* SwiftyJSON.swift */ = {isa = PBXFileReference; fileEncoding = 4; lastKnownFileType = sourcecode.swift; path = SwiftyJSON.swift; sourceTree = "<group>"; };
		88DBAC481C333ACC00C4EB1F /* WordsLoaderDelegate.swift */ = {isa = PBXFileReference; fileEncoding = 4; lastKnownFileType = sourcecode.swift; path = WordsLoaderDelegate.swift; sourceTree = "<group>"; };
		88DBAC591C333DDA00C4EB1F /* en */ = {isa = PBXFileReference; lastKnownFileType = text.plist.strings; name = en; path = en.lproj/Localizable.strings; sourceTree = SOURCE_ROOT; };
		88DBAC5B1C333E1000C4EB1F /* ru */ = {isa = PBXFileReference; lastKnownFileType = text.plist.strings; name = ru; path = ru.lproj/Localizable.strings; sourceTree = "<group>"; };
		88DBAC601C33525900C4EB1F /* Base */ = {isa = PBXFileReference; lastKnownFileType = file.storyboard; name = Base; path = Base.lproj/Main.storyboard; sourceTree = "<group>"; };
		88DBAC641C3352F700C4EB1F /* ru */ = {isa = PBXFileReference; lastKnownFileType = text.plist.strings; name = ru; path = ru.lproj/Main.strings; sourceTree = "<group>"; };
/* End PBXFileReference section */

/* Begin PBXFrameworksBuildPhase section */
		889324F61AE41C3D009B68B2 /* Frameworks */ = {
			isa = PBXFrameworksBuildPhase;
			buildActionMask = 2147483647;
			files = (
			);
			runOnlyForDeploymentPostprocessing = 0;
		};
		8893250B1AE41C3D009B68B2 /* Frameworks */ = {
			isa = PBXFrameworksBuildPhase;
			buildActionMask = 2147483647;
			files = (
			);
			runOnlyForDeploymentPostprocessing = 0;
		};
/* End PBXFrameworksBuildPhase section */

/* Begin PBXGroup section */
		889324F01AE41C3D009B68B2 = {
			isa = PBXGroup;
			children = (
				889324FB1AE41C3D009B68B2 /* thehat */,
				889325111AE41C3D009B68B2 /* thehatTests */,
				889324FA1AE41C3D009B68B2 /* Products */,
			);
			sourceTree = "<group>";
		};
		889324FA1AE41C3D009B68B2 /* Products */ = {
			isa = PBXGroup;
			children = (
				889324F91AE41C3D009B68B2 /* thehat.app */,
				8893250E1AE41C3D009B68B2 /* thehatTests.xctest */,
			);
			name = Products;
			sourceTree = "<group>";
		};
		889324FB1AE41C3D009B68B2 /* thehat */ = {
			isa = PBXGroup;
			children = (
				88DBAC381C333AC500C4EB1F /* Views */,
				88DBAC291C333AB300C4EB1F /* View Controllers */,
				88DBAC201C333A9900C4EB1F /* Data */,
				88DBAC151C333A7E00C4EB1F /* Models */,
				88DBAC431C333ACC00C4EB1F /* Extensions */,
				889324FE1AE41C3D009B68B2 /* AppDelegate.swift */,
				889325051AE41C3D009B68B2 /* Images.xcassets */,
				88DBAC581C333DDA00C4EB1F /* Localizable.strings */,
				889325071AE41C3D009B68B2 /* LaunchScreen.xib */,
				889325021AE41C3D009B68B2 /* Main.storyboard */,
				889324FC1AE41C3D009B68B2 /* Supporting Files */,
				881697C21AE7FFB2006BD0C2 /* thehat-Bridging-Header.h */,
			);
			path = thehat;
			sourceTree = "<group>";
		};
		889324FC1AE41C3D009B68B2 /* Supporting Files */ = {
			isa = PBXGroup;
			children = (
				889324FD1AE41C3D009B68B2 /* Info.plist */,
			);
			name = "Supporting Files";
			sourceTree = "<group>";
		};
		889325111AE41C3D009B68B2 /* thehatTests */ = {
			isa = PBXGroup;
			children = (
				889325141AE41C3D009B68B2 /* thehatTests.swift */,
				889325121AE41C3D009B68B2 /* Supporting Files */,
			);
			path = thehatTests;
			sourceTree = "<group>";
		};
		889325121AE41C3D009B68B2 /* Supporting Files */ = {
			isa = PBXGroup;
			children = (
				889325131AE41C3D009B68B2 /* Info.plist */,
			);
			name = "Supporting Files";
			sourceTree = "<group>";
		};
		88DBAC151C333A7E00C4EB1F /* Models */ = {
			isa = PBXGroup;
			children = (
				88DBAC161C333A7E00C4EB1F /* Game.swift */,
				88DBAC171C333A7E00C4EB1F /* Player.swift */,
				88DBAC181C333A7E00C4EB1F /* Round.swift */,
				88DBAC191C333A7E00C4EB1F /* Word.swift */,
				88DBAC1A1C333A7E00C4EB1F /* WordsLoader.swift */,
			);
			path = Models;
			sourceTree = "<group>";
		};
		88DBAC201C333A9900C4EB1F /* Data */ = {
			isa = PBXGroup;
			children = (
				88DBAC211C333A9900C4EB1F /* english.words */,
				88DBAC221C333A9900C4EB1F /* mistake.wav */,
				88DBAC231C333A9900C4EB1F /* russian.words */,
				88DBAC241C333A9900C4EB1F /* score.wav */,
			);
			path = Data;
			sourceTree = "<group>";
		};
		88DBAC291C333AB300C4EB1F /* View Controllers */ = {
			isa = PBXGroup;
			children = (
				88DBAC2A1C333AB300C4EB1F /* EditWordsGuessedViewController.swift */,
				88DBAC2B1C333AB300C4EB1F /* GameSettingsViewController.swift */,
				88DBAC2C1C333AB300C4EB1F /* MenuController.swift */,
				88DBAC2D1C333AB300C4EB1F /* PreparationViewController.swift */,
				88DBAC2E1C333AB300C4EB1F /* ResultsViewController.swift */,
				88DBAC2F1C333AB300C4EB1F /* RoundViewController.swift */,
				88DBAC301C333AB300C4EB1F /* AboutViewController.swift */,
				887FA7731C3A95020009EA1C /* TutorialViewController.swift */,
				887FA7751C3A95CF0009EA1C /* TutorialPageViewController.swift */,
			);
			path = "View Controllers";
			sourceTree = "<group>";
		};
		88DBAC381C333AC500C4EB1F /* Views */ = {
			isa = PBXGroup;
			children = (
				88DBAC391C333AC500C4EB1F /* ColorChangingView.swift */,
				88DBAC3A1C333AC500C4EB1F /* GuessedWordCell.swift */,
				88DBAC3B1C333AC500C4EB1F /* PlayerResultCell.swift */,
				88DBAC3C1C333AC500C4EB1F /* PlayerTableViewCell.swift */,
				88DBAC3D1C333AC500C4EB1F /* TimerView.swift */,
			);
			path = Views;
			sourceTree = "<group>";
		};
		88DBAC431C333ACC00C4EB1F /* Extensions */ = {
			isa = PBXGroup;
			children = (
				88DBAC441C333ACC00C4EB1F /* ColorChangingViewDelegate.swift */,
				88DBAC451C333ACC00C4EB1F /* Extensions.swift */,
				88DBAC461C333ACC00C4EB1F /* PlayerTableViewCellDelegate.swift */,
				88DBAC471C333ACC00C4EB1F /* SwiftyJSON.swift */,
				88DBAC481C333ACC00C4EB1F /* WordsLoaderDelegate.swift */,
			);
			path = Extensions;
			sourceTree = "<group>";
		};
/* End PBXGroup section */

/* Begin PBXNativeTarget section */
		889324F81AE41C3D009B68B2 /* thehat */ = {
			isa = PBXNativeTarget;
			buildConfigurationList = 889325181AE41C3D009B68B2 /* Build configuration list for PBXNativeTarget "thehat" */;
			buildPhases = (
				889324F51AE41C3D009B68B2 /* Sources */,
				889324F61AE41C3D009B68B2 /* Frameworks */,
				889324F71AE41C3D009B68B2 /* Resources */,
			);
			buildRules = (
			);
			dependencies = (
			);
			name = thehat;
			productName = thehat;
			productReference = 889324F91AE41C3D009B68B2 /* thehat.app */;
			productType = "com.apple.product-type.application";
		};
		8893250D1AE41C3D009B68B2 /* thehatTests */ = {
			isa = PBXNativeTarget;
			buildConfigurationList = 8893251B1AE41C3D009B68B2 /* Build configuration list for PBXNativeTarget "thehatTests" */;
			buildPhases = (
				8893250A1AE41C3D009B68B2 /* Sources */,
				8893250B1AE41C3D009B68B2 /* Frameworks */,
				8893250C1AE41C3D009B68B2 /* Resources */,
			);
			buildRules = (
			);
			dependencies = (
				889325101AE41C3D009B68B2 /* PBXTargetDependency */,
			);
			name = thehatTests;
			productName = thehatTests;
			productReference = 8893250E1AE41C3D009B68B2 /* thehatTests.xctest */;
			productType = "com.apple.product-type.bundle.unit-test";
		};
/* End PBXNativeTarget section */

/* Begin PBXProject section */
		889324F11AE41C3D009B68B2 /* Project object */ = {
			isa = PBXProject;
			attributes = {
				LastSwiftMigration = 0710;
				LastSwiftUpdateCheck = 0710;
				LastUpgradeCheck = 0710;
				ORGANIZATIONNAME = dpfbop;
				TargetAttributes = {
					889324F81AE41C3D009B68B2 = {
						CreatedOnToolsVersion = 6.3;
						DevelopmentTeam = DSQACR84TV;
					};
					8893250D1AE41C3D009B68B2 = {
						CreatedOnToolsVersion = 6.3;
						TestTargetID = 889324F81AE41C3D009B68B2;
					};
				};
			};
			buildConfigurationList = 889324F41AE41C3D009B68B2 /* Build configuration list for PBXProject "thehat" */;
			compatibilityVersion = "Xcode 3.2";
			developmentRegion = English;
			hasScannedForEncodings = 0;
			knownRegions = (
				en,
				Base,
				ru,
			);
			mainGroup = 889324F01AE41C3D009B68B2;
			productRefGroup = 889324FA1AE41C3D009B68B2 /* Products */;
			projectDirPath = "";
			projectRoot = "";
			targets = (
				889324F81AE41C3D009B68B2 /* thehat */,
				8893250D1AE41C3D009B68B2 /* thehatTests */,
			);
		};
/* End PBXProject section */

/* Begin PBXResourcesBuildPhase section */
		889324F71AE41C3D009B68B2 /* Resources */ = {
			isa = PBXResourcesBuildPhase;
			buildActionMask = 2147483647;
			files = (
				889325041AE41C3D009B68B2 /* Main.storyboard in Resources */,
				88DBAC281C333A9900C4EB1F /* score.wav in Resources */,
				88DBAC271C333A9900C4EB1F /* russian.words in Resources */,
				889325091AE41C3D009B68B2 /* LaunchScreen.xib in Resources */,
				88DBAC261C333A9900C4EB1F /* mistake.wav in Resources */,
				88DBAC5A1C333DDA00C4EB1F /* Localizable.strings in Resources */,
				88DBAC251C333A9900C4EB1F /* english.words in Resources */,
				889325061AE41C3D009B68B2 /* Images.xcassets in Resources */,
			);
			runOnlyForDeploymentPostprocessing = 0;
		};
		8893250C1AE41C3D009B68B2 /* Resources */ = {
			isa = PBXResourcesBuildPhase;
			buildActionMask = 2147483647;
			files = (
			);
			runOnlyForDeploymentPostprocessing = 0;
		};
/* End PBXResourcesBuildPhase section */

/* Begin PBXSourcesBuildPhase section */
		889324F51AE41C3D009B68B2 /* Sources */ = {
			isa = PBXSourcesBuildPhase;
			buildActionMask = 2147483647;
			files = (
				88DBAC4D1C333ACC00C4EB1F /* WordsLoaderDelegate.swift in Sources */,
				88DBAC421C333AC500C4EB1F /* TimerView.swift in Sources */,
				88DBAC351C333AB300C4EB1F /* ResultsViewController.swift in Sources */,
				88DBAC1D1C333A7E00C4EB1F /* Round.swift in Sources */,
				88DBAC4C1C333ACC00C4EB1F /* SwiftyJSON.swift in Sources */,
				88DBAC331C333AB300C4EB1F /* MenuController.swift in Sources */,
				88DBAC3E1C333AC500C4EB1F /* ColorChangingView.swift in Sources */,
				88DBAC1C1C333A7E00C4EB1F /* Player.swift in Sources */,
				88DBAC321C333AB300C4EB1F /* GameSettingsViewController.swift in Sources */,
				88DBAC491C333ACC00C4EB1F /* ColorChangingViewDelegate.swift in Sources */,
				887FA7741C3A95020009EA1C /* TutorialViewController.swift in Sources */,
				887FA7761C3A95CF0009EA1C /* TutorialPageViewController.swift in Sources */,
				88DBAC1E1C333A7E00C4EB1F /* Word.swift in Sources */,
				88DBAC1F1C333A7E00C4EB1F /* WordsLoader.swift in Sources */,
				88DBAC371C333AB300C4EB1F /* AboutViewController.swift in Sources */,
				88DBAC4B1C333ACC00C4EB1F /* PlayerTableViewCellDelegate.swift in Sources */,
				88DBAC411C333AC500C4EB1F /* PlayerTableViewCell.swift in Sources */,
				88DBAC341C333AB300C4EB1F /* PreparationViewController.swift in Sources */,
				889324FF1AE41C3D009B68B2 /* AppDelegate.swift in Sources */,
				88DBAC1B1C333A7E00C4EB1F /* Game.swift in Sources */,
				88DBAC4A1C333ACC00C4EB1F /* Extensions.swift in Sources */,
				88DBAC311C333AB300C4EB1F /* EditWordsGuessedViewController.swift in Sources */,
				88DBAC401C333AC500C4EB1F /* PlayerResultCell.swift in Sources */,
				88DBAC361C333AB300C4EB1F /* RoundViewController.swift in Sources */,
				88DBAC3F1C333AC500C4EB1F /* GuessedWordCell.swift in Sources */,
			);
			runOnlyForDeploymentPostprocessing = 0;
		};
		8893250A1AE41C3D009B68B2 /* Sources */ = {
			isa = PBXSourcesBuildPhase;
			buildActionMask = 2147483647;
			files = (
				889325151AE41C3D009B68B2 /* thehatTests.swift in Sources */,
			);
			runOnlyForDeploymentPostprocessing = 0;
		};
/* End PBXSourcesBuildPhase section */

/* Begin PBXTargetDependency section */
		889325101AE41C3D009B68B2 /* PBXTargetDependency */ = {
			isa = PBXTargetDependency;
			target = 889324F81AE41C3D009B68B2 /* thehat */;
			targetProxy = 8893250F1AE41C3D009B68B2 /* PBXContainerItemProxy */;
		};
/* End PBXTargetDependency section */

/* Begin PBXVariantGroup section */
		889325021AE41C3D009B68B2 /* Main.storyboard */ = {
			isa = PBXVariantGroup;
			children = (
				88DBAC601C33525900C4EB1F /* Base */,
				88DBAC641C3352F700C4EB1F /* ru */,
			);
			name = Main.storyboard;
			sourceTree = "<group>";
		};
		889325071AE41C3D009B68B2 /* LaunchScreen.xib */ = {
			isa = PBXVariantGroup;
			children = (
				889325081AE41C3D009B68B2 /* Base */,
				88DA283F1B17B5EF007E1F47 /* ru */,
			);
			name = LaunchScreen.xib;
			sourceTree = "<group>";
		};
		88DBAC581C333DDA00C4EB1F /* Localizable.strings */ = {
			isa = PBXVariantGroup;
			children = (
				88DBAC591C333DDA00C4EB1F /* en */,
				88DBAC5B1C333E1000C4EB1F /* ru */,
			);
			name = Localizable.strings;
			path = ..;
			sourceTree = "<group>";
		};
/* End PBXVariantGroup section */

/* Begin XCBuildConfiguration section */
		889325161AE41C3D009B68B2 /* Debug */ = {
			isa = XCBuildConfiguration;
			buildSettings = {
				ALWAYS_SEARCH_USER_PATHS = NO;
				CLANG_CXX_LANGUAGE_STANDARD = "gnu++0x";
				CLANG_CXX_LIBRARY = "libc++";
				CLANG_ENABLE_MODULES = YES;
				CLANG_ENABLE_OBJC_ARC = YES;
				CLANG_WARN_BOOL_CONVERSION = YES;
				CLANG_WARN_CONSTANT_CONVERSION = YES;
				CLANG_WARN_DIRECT_OBJC_ISA_USAGE = YES_ERROR;
				CLANG_WARN_EMPTY_BODY = YES;
				CLANG_WARN_ENUM_CONVERSION = YES;
				CLANG_WARN_INT_CONVERSION = YES;
				CLANG_WARN_OBJC_ROOT_CLASS = YES_ERROR;
				CLANG_WARN_UNREACHABLE_CODE = YES;
				CLANG_WARN__DUPLICATE_METHOD_MATCH = YES;
				"CODE_SIGN_IDENTITY[sdk=iphoneos*]" = "iPhone Developer";
				COPY_PHASE_STRIP = NO;
				DEBUG_INFORMATION_FORMAT = "dwarf-with-dsym";
				ENABLE_STRICT_OBJC_MSGSEND = YES;
				ENABLE_TESTABILITY = YES;
				GCC_C_LANGUAGE_STANDARD = gnu99;
				GCC_DYNAMIC_NO_PIC = NO;
				GCC_NO_COMMON_BLOCKS = YES;
				GCC_OPTIMIZATION_LEVEL = 0;
				GCC_PREPROCESSOR_DEFINITIONS = (
					"DEBUG=1",
					"$(inherited)",
				);
				GCC_SYMBOLS_PRIVATE_EXTERN = NO;
				GCC_WARN_64_TO_32_BIT_CONVERSION = YES;
				GCC_WARN_ABOUT_RETURN_TYPE = YES_ERROR;
				GCC_WARN_UNDECLARED_SELECTOR = YES;
				GCC_WARN_UNINITIALIZED_AUTOS = YES_AGGRESSIVE;
				GCC_WARN_UNUSED_FUNCTION = YES;
				GCC_WARN_UNUSED_VARIABLE = YES;
				IPHONEOS_DEPLOYMENT_TARGET = 8.3;
				MTL_ENABLE_DEBUG_INFO = YES;
				ONLY_ACTIVE_ARCH = YES;
				SDKROOT = iphoneos;
				SWIFT_OPTIMIZATION_LEVEL = "-Onone";
				TARGETED_DEVICE_FAMILY = "1,2";
			};
			name = Debug;
		};
		889325171AE41C3D009B68B2 /* Release */ = {
			isa = XCBuildConfiguration;
			buildSettings = {
				ALWAYS_SEARCH_USER_PATHS = NO;
				CLANG_CXX_LANGUAGE_STANDARD = "gnu++0x";
				CLANG_CXX_LIBRARY = "libc++";
				CLANG_ENABLE_MODULES = YES;
				CLANG_ENABLE_OBJC_ARC = YES;
				CLANG_WARN_BOOL_CONVERSION = YES;
				CLANG_WARN_CONSTANT_CONVERSION = YES;
				CLANG_WARN_DIRECT_OBJC_ISA_USAGE = YES_ERROR;
				CLANG_WARN_EMPTY_BODY = YES;
				CLANG_WARN_ENUM_CONVERSION = YES;
				CLANG_WARN_INT_CONVERSION = YES;
				CLANG_WARN_OBJC_ROOT_CLASS = YES_ERROR;
				CLANG_WARN_UNREACHABLE_CODE = YES;
				CLANG_WARN__DUPLICATE_METHOD_MATCH = YES;
				"CODE_SIGN_IDENTITY[sdk=iphoneos*]" = "iPhone Developer";
				COPY_PHASE_STRIP = NO;
				DEBUG_INFORMATION_FORMAT = "dwarf-with-dsym";
				ENABLE_NS_ASSERTIONS = NO;
				ENABLE_STRICT_OBJC_MSGSEND = YES;
				GCC_C_LANGUAGE_STANDARD = gnu99;
				GCC_NO_COMMON_BLOCKS = YES;
				GCC_WARN_64_TO_32_BIT_CONVERSION = YES;
				GCC_WARN_ABOUT_RETURN_TYPE = YES_ERROR;
				GCC_WARN_UNDECLARED_SELECTOR = YES;
				GCC_WARN_UNINITIALIZED_AUTOS = YES_AGGRESSIVE;
				GCC_WARN_UNUSED_FUNCTION = YES;
				GCC_WARN_UNUSED_VARIABLE = YES;
				IPHONEOS_DEPLOYMENT_TARGET = 8.3;
				MTL_ENABLE_DEBUG_INFO = NO;
				SDKROOT = iphoneos;
				TARGETED_DEVICE_FAMILY = "1,2";
				VALIDATE_PRODUCT = YES;
			};
			name = Release;
		};
		889325191AE41C3D009B68B2 /* Debug */ = {
			isa = XCBuildConfiguration;
			buildSettings = {
				ASSETCATALOG_COMPILER_APPICON_NAME = AppIcon;
				CLANG_ENABLE_MODULES = YES;
				CODE_SIGN_IDENTITY = "iPhone Developer";
				"CODE_SIGN_IDENTITY[sdk=iphoneos*]" = "iPhone Developer";
				INFOPLIST_FILE = thehat/Info.plist;
				IPHONEOS_DEPLOYMENT_TARGET = 8.0;
				LD_RUNPATH_SEARCH_PATHS = "$(inherited) @executable_path/Frameworks";
				PRODUCT_BUNDLE_IDENTIFIER = "com.dpfbop.$(PRODUCT_NAME:rfc1034identifier)";
				PRODUCT_NAME = "$(TARGET_NAME)";
				PROVISIONING_PROFILE = "";
				SWIFT_OBJC_BRIDGING_HEADER = "thehat/thehat-Bridging-Header.h";
				SWIFT_OPTIMIZATION_LEVEL = "-Onone";
			};
			name = Debug;
		};
		8893251A1AE41C3D009B68B2 /* Release */ = {
			isa = XCBuildConfiguration;
			buildSettings = {
				ASSETCATALOG_COMPILER_APPICON_NAME = AppIcon;
				CLANG_ENABLE_MODULES = YES;
				CODE_SIGN_IDENTITY = "iPhone Developer";
				"CODE_SIGN_IDENTITY[sdk=iphoneos*]" = "iPhone Developer";
				INFOPLIST_FILE = thehat/Info.plist;
				IPHONEOS_DEPLOYMENT_TARGET = 8.0;
				LD_RUNPATH_SEARCH_PATHS = "$(inherited) @executable_path/Frameworks";
				PRODUCT_BUNDLE_IDENTIFIER = "com.dpfbop.$(PRODUCT_NAME:rfc1034identifier)";
				PRODUCT_NAME = "$(TARGET_NAME)";
				PROVISIONING_PROFILE = "";
				SWIFT_OBJC_BRIDGING_HEADER = "thehat/thehat-Bridging-Header.h";
			};
			name = Release;
		};
		8893251C1AE41C3D009B68B2 /* Debug */ = {
			isa = XCBuildConfiguration;
			buildSettings = {
				BUNDLE_LOADER = "$(TEST_HOST)";
				FRAMEWORK_SEARCH_PATHS = (
					"$(SDKROOT)/Developer/Library/Frameworks",
					"$(inherited)",
				);
				GCC_PREPROCESSOR_DEFINITIONS = (
					"DEBUG=1",
					"$(inherited)",
				);
				INFOPLIST_FILE = thehatTests/Info.plist;
				LD_RUNPATH_SEARCH_PATHS = "$(inherited) @executable_path/Frameworks @loader_path/Frameworks";
				PRODUCT_BUNDLE_IDENTIFIER = "com.dpfbop.$(PRODUCT_NAME:rfc1034identifier)";
				PRODUCT_NAME = "$(TARGET_NAME)";
				TEST_HOST = "$(BUILT_PRODUCTS_DIR)/thehat.app/thehat";
			};
			name = Debug;
		};
		8893251D1AE41C3D009B68B2 /* Release */ = {
			isa = XCBuildConfiguration;
			buildSettings = {
				BUNDLE_LOADER = "$(TEST_HOST)";
				FRAMEWORK_SEARCH_PATHS = (
					"$(SDKROOT)/Developer/Library/Frameworks",
					"$(inherited)",
				);
				INFOPLIST_FILE = thehatTests/Info.plist;
				LD_RUNPATH_SEARCH_PATHS = "$(inherited) @executable_path/Frameworks @loader_path/Frameworks";
				PRODUCT_BUNDLE_IDENTIFIER = "com.dpfbop.$(PRODUCT_NAME:rfc1034identifier)";
				PRODUCT_NAME = "$(TARGET_NAME)";
				TEST_HOST = "$(BUILT_PRODUCTS_DIR)/thehat.app/thehat";
			};
			name = Release;
		};
/* End XCBuildConfiguration section */

/* Begin XCConfigurationList section */
		889324F41AE41C3D009B68B2 /* Build configuration list for PBXProject "thehat" */ = {
			isa = XCConfigurationList;
			buildConfigurations = (
				889325161AE41C3D009B68B2 /* Debug */,
				889325171AE41C3D009B68B2 /* Release */,
			);
			defaultConfigurationIsVisible = 0;
			defaultConfigurationName = Release;
		};
		889325181AE41C3D009B68B2 /* Build configuration list for PBXNativeTarget "thehat" */ = {
			isa = XCConfigurationList;
			buildConfigurations = (
				889325191AE41C3D009B68B2 /* Debug */,
				8893251A1AE41C3D009B68B2 /* Release */,
			);
			defaultConfigurationIsVisible = 0;
			defaultConfigurationName = Release;
		};
		8893251B1AE41C3D009B68B2 /* Build configuration list for PBXNativeTarget "thehatTests" */ = {
			isa = XCConfigurationList;
			buildConfigurations = (
				8893251C1AE41C3D009B68B2 /* Debug */,
				8893251D1AE41C3D009B68B2 /* Release */,
			);
			defaultConfigurationIsVisible = 0;
			defaultConfigurationName = Release;
		};
/* End XCConfigurationList section */
	};
	rootObject = 889324F11AE41C3D009B68B2 /* Project object */;
}
